// !$*UTF8*$!
{
	archiveVersion = 1;
	classes = {
	};
	objectVersion = 46;
	objects = {

/* Begin PBXBuildFile section */
		F60BCEB6158B8A170012E0FA /* Sqlite3ViewController.m in Sources */ = {isa = PBXBuildFile; fileRef = F60BCEB5158B8A170012E0FA /* Sqlite3ViewController.m */; };
		F60BCEB8158B8CC30012E0FA /* libsqlite3.dylib in Frameworks */ = {isa = PBXBuildFile; fileRef = F60BCEB7158B8CC30012E0FA /* libsqlite3.dylib */; };
		F61CD8AF158B08C500D1C597 /* NSObject+SBJson.m in Sources */ = {isa = PBXBuildFile; fileRef = F61CD897158B08C500D1C597 /* NSObject+SBJson.m */; };
		F61CD8B0158B08C500D1C597 /* SBJsonParser.m in Sources */ = {isa = PBXBuildFile; fileRef = F61CD89A158B08C500D1C597 /* SBJsonParser.m */; };
		F61CD8B1158B08C500D1C597 /* SBJsonStreamParser.m in Sources */ = {isa = PBXBuildFile; fileRef = F61CD89C158B08C500D1C597 /* SBJsonStreamParser.m */; };
		F61CD8B2158B08C500D1C597 /* SBJsonStreamParserAccumulator.m in Sources */ = {isa = PBXBuildFile; fileRef = F61CD89E158B08C500D1C597 /* SBJsonStreamParserAccumulator.m */; };
		F61CD8B3158B08C500D1C597 /* SBJsonStreamParserAdapter.m in Sources */ = {isa = PBXBuildFile; fileRef = F61CD8A0158B08C500D1C597 /* SBJsonStreamParserAdapter.m */; };
		F61CD8B4158B08C500D1C597 /* SBJsonStreamParserState.m in Sources */ = {isa = PBXBuildFile; fileRef = F61CD8A2158B08C500D1C597 /* SBJsonStreamParserState.m */; };
		F61CD8B5158B08C500D1C597 /* SBJsonStreamWriter.m in Sources */ = {isa = PBXBuildFile; fileRef = F61CD8A4158B08C500D1C597 /* SBJsonStreamWriter.m */; };
		F61CD8B6158B08C500D1C597 /* SBJsonStreamWriterAccumulator.m in Sources */ = {isa = PBXBuildFile; fileRef = F61CD8A6158B08C500D1C597 /* SBJsonStreamWriterAccumulator.m */; };
		F61CD8B7158B08C500D1C597 /* SBJsonStreamWriterState.m in Sources */ = {isa = PBXBuildFile; fileRef = F61CD8A8158B08C500D1C597 /* SBJsonStreamWriterState.m */; };
		F61CD8B8158B08C500D1C597 /* SBJsonTokeniser.m in Sources */ = {isa = PBXBuildFile; fileRef = F61CD8AA158B08C500D1C597 /* SBJsonTokeniser.m */; };
		F61CD8B9158B08C500D1C597 /* SBJsonUTF8Stream.m in Sources */ = {isa = PBXBuildFile; fileRef = F61CD8AC158B08C500D1C597 /* SBJsonUTF8Stream.m */; };
		F61CD8BA158B08C500D1C597 /* SBJsonWriter.m in Sources */ = {isa = PBXBuildFile; fileRef = F61CD8AE158B08C500D1C597 /* SBJsonWriter.m */; };
		F61CD8C2158B0B7D00D1C597 /* JSONViewController.m in Sources */ = {isa = PBXBuildFile; fileRef = F61CD8C1158B0B7D00D1C597 /* JSONViewController.m */; };
		F61CD8C6158B0D5B00D1C597 /* MBProgressHUD.m in Sources */ = {isa = PBXBuildFile; fileRef = F61CD8C5158B0D5B00D1C597 /* MBProgressHUD.m */; };
		F6458941158A3D4D00BC79B8 /* UIKit.framework in Frameworks */ = {isa = PBXBuildFile; fileRef = F6458940158A3D4D00BC79B8 /* UIKit.framework */; };
		F6458943158A3D4D00BC79B8 /* Foundation.framework in Frameworks */ = {isa = PBXBuildFile; fileRef = F6458942158A3D4D00BC79B8 /* Foundation.framework */; };
		F6458945158A3D4D00BC79B8 /* CoreGraphics.framework in Frameworks */ = {isa = PBXBuildFile; fileRef = F6458944158A3D4D00BC79B8 /* CoreGraphics.framework */; };
		F645894B158A3D4D00BC79B8 /* InfoPlist.strings in Resources */ = {isa = PBXBuildFile; fileRef = F6458949158A3D4D00BC79B8 /* InfoPlist.strings */; };
		F645894D158A3D4D00BC79B8 /* main.m in Sources */ = {isa = PBXBuildFile; fileRef = F645894C158A3D4D00BC79B8 /* main.m */; };
		F6458951158A3D4D00BC79B8 /* dholerAppDelegate.m in Sources */ = {isa = PBXBuildFile; fileRef = F6458950158A3D4D00BC79B8 /* dholerAppDelegate.m */; };
		F6458954158A3D4D00BC79B8 /* MainStoryboard_iPhone.storyboard in Resources */ = {isa = PBXBuildFile; fileRef = F6458952158A3D4D00BC79B8 /* MainStoryboard_iPhone.storyboard */; };
		F6458957158A3D4D00BC79B8 /* MainStoryboard_iPad.storyboard in Resources */ = {isa = PBXBuildFile; fileRef = F6458955158A3D4D00BC79B8 /* MainStoryboard_iPad.storyboard */; };
		F645895A158A3D4D00BC79B8 /* dholerViewController.m in Sources */ = {isa = PBXBuildFile; fileRef = F6458959158A3D4D00BC79B8 /* dholerViewController.m */; };
		F687202F158B21F2008220B5 /* ASIAuthenticationDialog.m in Sources */ = {isa = PBXBuildFile; fileRef = F687201A158B21F2008220B5 /* ASIAuthenticationDialog.m */; settings = {COMPILER_FLAGS = "-fno-objc-arc"; }; };
		F6872030158B21F2008220B5 /* ASIDataCompressor.m in Sources */ = {isa = PBXBuildFile; fileRef = F687201D158B21F2008220B5 /* ASIDataCompressor.m */; settings = {COMPILER_FLAGS = "-fno-objc-arc"; }; };
		F6872031158B21F2008220B5 /* ASIDataDecompressor.m in Sources */ = {isa = PBXBuildFile; fileRef = F687201F158B21F2008220B5 /* ASIDataDecompressor.m */; settings = {COMPILER_FLAGS = "-fno-objc-arc"; }; };
		F6872032158B21F2008220B5 /* ASIDownloadCache.m in Sources */ = {isa = PBXBuildFile; fileRef = F6872021158B21F2008220B5 /* ASIDownloadCache.m */; settings = {COMPILER_FLAGS = "-fno-objc-arc"; }; };
		F6872033158B21F2008220B5 /* ASIFormDataRequest.m in Sources */ = {isa = PBXBuildFile; fileRef = F6872023158B21F2008220B5 /* ASIFormDataRequest.m */; settings = {COMPILER_FLAGS = "-fno-objc-arc"; }; };
		F6872034158B21F2008220B5 /* ASIHTTPRequest.m in Sources */ = {isa = PBXBuildFile; fileRef = F6872025158B21F2008220B5 /* ASIHTTPRequest.m */; settings = {COMPILER_FLAGS = "-fno-objc-arc"; }; };
		F6872035158B21F2008220B5 /* ASIInputStream.m in Sources */ = {isa = PBXBuildFile; fileRef = F6872029158B21F2008220B5 /* ASIInputStream.m */; settings = {COMPILER_FLAGS = "-fno-objc-arc"; }; };
		F6872036158B21F2008220B5 /* ASINetworkQueue.m in Sources */ = {isa = PBXBuildFile; fileRef = F687202B158B21F2008220B5 /* ASINetworkQueue.m */; settings = {COMPILER_FLAGS = "-fno-objc-arc"; }; };
		F6872037158B21F2008220B5 /* Reachability.m in Sources */ = {isa = PBXBuildFile; fileRef = F687202E158B21F2008220B5 /* Reachability.m */; settings = {COMPILER_FLAGS = "-fno-objc-arc"; }; };
		F687203A158B221F008220B5 /* SystemConfiguration.framework in Frameworks */ = {isa = PBXBuildFile; fileRef = F6872039158B221F008220B5 /* SystemConfiguration.framework */; };
		F687203C158B2228008220B5 /* CFNetwork.framework in Frameworks */ = {isa = PBXBuildFile; fileRef = F687203B158B2228008220B5 /* CFNetwork.framework */; };
		F687203E158B222E008220B5 /* MobileCoreServices.framework in Frameworks */ = {isa = PBXBuildFile; fileRef = F687203D158B222E008220B5 /* MobileCoreServices.framework */; };
		F6872040158B2234008220B5 /* libz.1.2.5.dylib in Frameworks */ = {isa = PBXBuildFile; fileRef = F687203F158B2234008220B5 /* libz.1.2.5.dylib */; };
		F6CDE3D5158B3B5600D9B60A /* MBProgressHUDViewController.m in Sources */ = {isa = PBXBuildFile; fileRef = F6CDE3D4158B3B5600D9B60A /* MBProgressHUDViewController.m */; };
/* End PBXBuildFile section */

/* Begin PBXFileReference section */
		F60BCEB4158B8A170012E0FA /* Sqlite3ViewController.h */ = {isa = PBXFileReference; fileEncoding = 4; lastKnownFileType = sourcecode.c.h; path = Sqlite3ViewController.h; sourceTree = "<group>"; };
		F60BCEB5158B8A170012E0FA /* Sqlite3ViewController.m */ = {isa = PBXFileReference; fileEncoding = 4; lastKnownFileType = sourcecode.c.objc; path = Sqlite3ViewController.m; sourceTree = "<group>"; };
		F60BCEB7158B8CC30012E0FA /* libsqlite3.dylib */ = {isa = PBXFileReference; lastKnownFileType = "compiled.mach-o.dylib"; name = libsqlite3.dylib; path = usr/lib/libsqlite3.dylib; sourceTree = SDKROOT; };
		F61CD896158B08C500D1C597 /* NSObject+SBJson.h */ = {isa = PBXFileReference; fileEncoding = 4; lastKnownFileType = sourcecode.c.h; path = "NSObject+SBJson.h"; sourceTree = "<group>"; };
		F61CD897158B08C500D1C597 /* NSObject+SBJson.m */ = {isa = PBXFileReference; fileEncoding = 4; lastKnownFileType = sourcecode.c.objc; path = "NSObject+SBJson.m"; sourceTree = "<group>"; };
		F61CD898158B08C500D1C597 /* SBJson.h */ = {isa = PBXFileReference; fileEncoding = 4; lastKnownFileType = sourcecode.c.h; path = SBJson.h; sourceTree = "<group>"; };
		F61CD899158B08C500D1C597 /* SBJsonParser.h */ = {isa = PBXFileReference; fileEncoding = 4; lastKnownFileType = sourcecode.c.h; path = SBJsonParser.h; sourceTree = "<group>"; };
		F61CD89A158B08C500D1C597 /* SBJsonParser.m */ = {isa = PBXFileReference; fileEncoding = 4; lastKnownFileType = sourcecode.c.objc; path = SBJsonParser.m; sourceTree = "<group>"; };
		F61CD89B158B08C500D1C597 /* SBJsonStreamParser.h */ = {isa = PBXFileReference; fileEncoding = 4; lastKnownFileType = sourcecode.c.h; path = SBJsonStreamParser.h; sourceTree = "<group>"; };
		F61CD89C158B08C500D1C597 /* SBJsonStreamParser.m */ = {isa = PBXFileReference; fileEncoding = 4; lastKnownFileType = sourcecode.c.objc; path = SBJsonStreamParser.m; sourceTree = "<group>"; };
		F61CD89D158B08C500D1C597 /* SBJsonStreamParserAccumulator.h */ = {isa = PBXFileReference; fileEncoding = 4; lastKnownFileType = sourcecode.c.h; path = SBJsonStreamParserAccumulator.h; sourceTree = "<group>"; };
		F61CD89E158B08C500D1C597 /* SBJsonStreamParserAccumulator.m */ = {isa = PBXFileReference; fileEncoding = 4; lastKnownFileType = sourcecode.c.objc; path = SBJsonStreamParserAccumulator.m; sourceTree = "<group>"; };
		F61CD89F158B08C500D1C597 /* SBJsonStreamParserAdapter.h */ = {isa = PBXFileReference; fileEncoding = 4; lastKnownFileType = sourcecode.c.h; path = SBJsonStreamParserAdapter.h; sourceTree = "<group>"; };
		F61CD8A0158B08C500D1C597 /* SBJsonStreamParserAdapter.m */ = {isa = PBXFileReference; fileEncoding = 4; lastKnownFileType = sourcecode.c.objc; path = SBJsonStreamParserAdapter.m; sourceTree = "<group>"; };
		F61CD8A1158B08C500D1C597 /* SBJsonStreamParserState.h */ = {isa = PBXFileReference; fileEncoding = 4; lastKnownFileType = sourcecode.c.h; path = SBJsonStreamParserState.h; sourceTree = "<group>"; };
		F61CD8A2158B08C500D1C597 /* SBJsonStreamParserState.m */ = {isa = PBXFileReference; fileEncoding = 4; lastKnownFileType = sourcecode.c.objc; path = SBJsonStreamParserState.m; sourceTree = "<group>"; };
		F61CD8A3158B08C500D1C597 /* SBJsonStreamWriter.h */ = {isa = PBXFileReference; fileEncoding = 4; lastKnownFileType = sourcecode.c.h; path = SBJsonStreamWriter.h; sourceTree = "<group>"; };
		F61CD8A4158B08C500D1C597 /* SBJsonStreamWriter.m */ = {isa = PBXFileReference; fileEncoding = 4; lastKnownFileType = sourcecode.c.objc; path = SBJsonStreamWriter.m; sourceTree = "<group>"; };
		F61CD8A5158B08C500D1C597 /* SBJsonStreamWriterAccumulator.h */ = {isa = PBXFileReference; fileEncoding = 4; lastKnownFileType = sourcecode.c.h; path = SBJsonStreamWriterAccumulator.h; sourceTree = "<group>"; };
		F61CD8A6158B08C500D1C597 /* SBJsonStreamWriterAccumulator.m */ = {isa = PBXFileReference; fileEncoding = 4; lastKnownFileType = sourcecode.c.objc; path = SBJsonStreamWriterAccumulator.m; sourceTree = "<group>"; };
		F61CD8A7158B08C500D1C597 /* SBJsonStreamWriterState.h */ = {isa = PBXFileReference; fileEncoding = 4; lastKnownFileType = sourcecode.c.h; path = SBJsonStreamWriterState.h; sourceTree = "<group>"; };
		F61CD8A8158B08C500D1C597 /* SBJsonStreamWriterState.m */ = {isa = PBXFileReference; fileEncoding = 4; lastKnownFileType = sourcecode.c.objc; path = SBJsonStreamWriterState.m; sourceTree = "<group>"; };
		F61CD8A9158B08C500D1C597 /* SBJsonTokeniser.h */ = {isa = PBXFileReference; fileEncoding = 4; lastKnownFileType = sourcecode.c.h; path = SBJsonTokeniser.h; sourceTree = "<group>"; };
		F61CD8AA158B08C500D1C597 /* SBJsonTokeniser.m */ = {isa = PBXFileReference; fileEncoding = 4; lastKnownFileType = sourcecode.c.objc; path = SBJsonTokeniser.m; sourceTree = "<group>"; };
		F61CD8AB158B08C500D1C597 /* SBJsonUTF8Stream.h */ = {isa = PBXFileReference; fileEncoding = 4; lastKnownFileType = sourcecode.c.h; path = SBJsonUTF8Stream.h; sourceTree = "<group>"; };
		F61CD8AC158B08C500D1C597 /* SBJsonUTF8Stream.m */ = {isa = PBXFileReference; fileEncoding = 4; lastKnownFileType = sourcecode.c.objc; path = SBJsonUTF8Stream.m; sourceTree = "<group>"; };
		F61CD8AD158B08C500D1C597 /* SBJsonWriter.h */ = {isa = PBXFileReference; fileEncoding = 4; lastKnownFileType = sourcecode.c.h; path = SBJsonWriter.h; sourceTree = "<group>"; };
		F61CD8AE158B08C500D1C597 /* SBJsonWriter.m */ = {isa = PBXFileReference; fileEncoding = 4; lastKnownFileType = sourcecode.c.objc; path = SBJsonWriter.m; sourceTree = "<group>"; };
		F61CD8C0158B0B7D00D1C597 /* JSONViewController.h */ = {isa = PBXFileReference; fileEncoding = 4; lastKnownFileType = sourcecode.c.h; path = JSONViewController.h; sourceTree = "<group>"; };
		F61CD8C1158B0B7D00D1C597 /* JSONViewController.m */ = {isa = PBXFileReference; fileEncoding = 4; lastKnownFileType = sourcecode.c.objc; path = JSONViewController.m; sourceTree = "<group>"; };
		F61CD8C4158B0D5B00D1C597 /* MBProgressHUD.h */ = {isa = PBXFileReference; fileEncoding = 4; lastKnownFileType = sourcecode.c.h; path = MBProgressHUD.h; sourceTree = "<group>"; };
		F61CD8C5158B0D5B00D1C597 /* MBProgressHUD.m */ = {isa = PBXFileReference; fileEncoding = 4; lastKnownFileType = sourcecode.c.objc; path = MBProgressHUD.m; sourceTree = "<group>"; };
		F645893C158A3D4D00BC79B8 /* MyIOS.app */ = {isa = PBXFileReference; explicitFileType = wrapper.application; includeInIndex = 0; path = MyIOS.app; sourceTree = BUILT_PRODUCTS_DIR; };
		F6458940158A3D4D00BC79B8 /* UIKit.framework */ = {isa = PBXFileReference; lastKnownFileType = wrapper.framework; name = UIKit.framework; path = System/Library/Frameworks/UIKit.framework; sourceTree = SDKROOT; };
		F6458942158A3D4D00BC79B8 /* Foundation.framework */ = {isa = PBXFileReference; lastKnownFileType = wrapper.framework; name = Foundation.framework; path = System/Library/Frameworks/Foundation.framework; sourceTree = SDKROOT; };
		F6458944158A3D4D00BC79B8 /* CoreGraphics.framework */ = {isa = PBXFileReference; lastKnownFileType = wrapper.framework; name = CoreGraphics.framework; path = System/Library/Frameworks/CoreGraphics.framework; sourceTree = SDKROOT; };
		F6458948158A3D4D00BC79B8 /* MyIOS-Info.plist */ = {isa = PBXFileReference; lastKnownFileType = text.plist.xml; path = "MyIOS-Info.plist"; sourceTree = "<group>"; };
		F645894A158A3D4D00BC79B8 /* en */ = {isa = PBXFileReference; lastKnownFileType = text.plist.strings; name = en; path = en.lproj/InfoPlist.strings; sourceTree = "<group>"; };
		F645894C158A3D4D00BC79B8 /* main.m */ = {isa = PBXFileReference; lastKnownFileType = sourcecode.c.objc; path = main.m; sourceTree = "<group>"; };
		F645894E158A3D4D00BC79B8 /* MyIOS-Prefix.pch */ = {isa = PBXFileReference; lastKnownFileType = sourcecode.c.h; path = "MyIOS-Prefix.pch"; sourceTree = "<group>"; };
		F645894F158A3D4D00BC79B8 /* dholerAppDelegate.h */ = {isa = PBXFileReference; lastKnownFileType = sourcecode.c.h; path = dholerAppDelegate.h; sourceTree = "<group>"; };
		F6458950158A3D4D00BC79B8 /* dholerAppDelegate.m */ = {isa = PBXFileReference; lastKnownFileType = sourcecode.c.objc; path = dholerAppDelegate.m; sourceTree = "<group>"; };
		F6458953158A3D4D00BC79B8 /* en */ = {isa = PBXFileReference; lastKnownFileType = file.storyboard; name = en; path = en.lproj/MainStoryboard_iPhone.storyboard; sourceTree = "<group>"; };
		F6458956158A3D4D00BC79B8 /* en */ = {isa = PBXFileReference; lastKnownFileType = file.storyboard; name = en; path = en.lproj/MainStoryboard_iPad.storyboard; sourceTree = "<group>"; };
		F6458958158A3D4D00BC79B8 /* dholerViewController.h */ = {isa = PBXFileReference; lastKnownFileType = sourcecode.c.h; path = dholerViewController.h; sourceTree = "<group>"; };
		F6458959158A3D4D00BC79B8 /* dholerViewController.m */ = {isa = PBXFileReference; lastKnownFileType = sourcecode.c.objc; path = dholerViewController.m; sourceTree = "<group>"; };
		F6872019158B21F2008220B5 /* ASIAuthenticationDialog.h */ = {isa = PBXFileReference; fileEncoding = 4; lastKnownFileType = sourcecode.c.h; path = ASIAuthenticationDialog.h; sourceTree = "<group>"; };
		F687201A158B21F2008220B5 /* ASIAuthenticationDialog.m */ = {isa = PBXFileReference; fileEncoding = 4; lastKnownFileType = sourcecode.c.objc; path = ASIAuthenticationDialog.m; sourceTree = "<group>"; };
		F687201B158B21F2008220B5 /* ASICacheDelegate.h */ = {isa = PBXFileReference; fileEncoding = 4; lastKnownFileType = sourcecode.c.h; path = ASICacheDelegate.h; sourceTree = "<group>"; };
		F687201C158B21F2008220B5 /* ASIDataCompressor.h */ = {isa = PBXFileReference; fileEncoding = 4; lastKnownFileType = sourcecode.c.h; path = ASIDataCompressor.h; sourceTree = "<group>"; };
		F687201D158B21F2008220B5 /* ASIDataCompressor.m */ = {isa = PBXFileReference; fileEncoding = 4; lastKnownFileType = sourcecode.c.objc; path = ASIDataCompressor.m; sourceTree = "<group>"; };
		F687201E158B21F2008220B5 /* ASIDataDecompressor.h */ = {isa = PBXFileReference; fileEncoding = 4; lastKnownFileType = sourcecode.c.h; path = ASIDataDecompressor.h; sourceTree = "<group>"; };
		F687201F158B21F2008220B5 /* ASIDataDecompressor.m */ = {isa = PBXFileReference; fileEncoding = 4; lastKnownFileType = sourcecode.c.objc; path = ASIDataDecompressor.m; sourceTree = "<group>"; };
		F6872020158B21F2008220B5 /* ASIDownloadCache.h */ = {isa = PBXFileReference; fileEncoding = 4; lastKnownFileType = sourcecode.c.h; path = ASIDownloadCache.h; sourceTree = "<group>"; };
		F6872021158B21F2008220B5 /* ASIDownloadCache.m */ = {isa = PBXFileReference; fileEncoding = 4; lastKnownFileType = sourcecode.c.objc; path = ASIDownloadCache.m; sourceTree = "<group>"; };
		F6872022158B21F2008220B5 /* ASIFormDataRequest.h */ = {isa = PBXFileReference; fileEncoding = 4; lastKnownFileType = sourcecode.c.h; path = ASIFormDataRequest.h; sourceTree = "<group>"; };
		F6872023158B21F2008220B5 /* ASIFormDataRequest.m */ = {isa = PBXFileReference; fileEncoding = 4; lastKnownFileType = sourcecode.c.objc; path = ASIFormDataRequest.m; sourceTree = "<group>"; };
		F6872024158B21F2008220B5 /* ASIHTTPRequest.h */ = {isa = PBXFileReference; fileEncoding = 4; lastKnownFileType = sourcecode.c.h; path = ASIHTTPRequest.h; sourceTree = "<group>"; };
		F6872025158B21F2008220B5 /* ASIHTTPRequest.m */ = {isa = PBXFileReference; fileEncoding = 4; lastKnownFileType = sourcecode.c.objc; path = ASIHTTPRequest.m; sourceTree = "<group>"; };
		F6872026158B21F2008220B5 /* ASIHTTPRequestConfig.h */ = {isa = PBXFileReference; fileEncoding = 4; lastKnownFileType = sourcecode.c.h; path = ASIHTTPRequestConfig.h; sourceTree = "<group>"; };
		F6872027158B21F2008220B5 /* ASIHTTPRequestDelegate.h */ = {isa = PBXFileReference; fileEncoding = 4; lastKnownFileType = sourcecode.c.h; path = ASIHTTPRequestDelegate.h; sourceTree = "<group>"; };
		F6872028158B21F2008220B5 /* ASIInputStream.h */ = {isa = PBXFileReference; fileEncoding = 4; lastKnownFileType = sourcecode.c.h; path = ASIInputStream.h; sourceTree = "<group>"; };
		F6872029158B21F2008220B5 /* ASIInputStream.m */ = {isa = PBXFileReference; fileEncoding = 4; lastKnownFileType = sourcecode.c.objc; path = ASIInputStream.m; sourceTree = "<group>"; };
		F687202A158B21F2008220B5 /* ASINetworkQueue.h */ = {isa = PBXFileReference; fileEncoding = 4; lastKnownFileType = sourcecode.c.h; path = ASINetworkQueue.h; sourceTree = "<group>"; };
		F687202B158B21F2008220B5 /* ASINetworkQueue.m */ = {isa = PBXFileReference; fileEncoding = 4; lastKnownFileType = sourcecode.c.objc; path = ASINetworkQueue.m; sourceTree = "<group>"; };
		F687202C158B21F2008220B5 /* ASIProgressDelegate.h */ = {isa = PBXFileReference; fileEncoding = 4; lastKnownFileType = sourcecode.c.h; path = ASIProgressDelegate.h; sourceTree = "<group>"; };
		F687202D158B21F2008220B5 /* Reachability.h */ = {isa = PBXFileReference; fileEncoding = 4; lastKnownFileType = sourcecode.c.h; path = Reachability.h; sourceTree = "<group>"; };
		F687202E158B21F2008220B5 /* Reachability.m */ = {isa = PBXFileReference; fileEncoding = 4; lastKnownFileType = sourcecode.c.objc; path = Reachability.m; sourceTree = "<group>"; };
		F6872039158B221F008220B5 /* SystemConfiguration.framework */ = {isa = PBXFileReference; lastKnownFileType = wrapper.framework; name = SystemConfiguration.framework; path = System/Library/Frameworks/SystemConfiguration.framework; sourceTree = SDKROOT; };
		F687203B158B2228008220B5 /* CFNetwork.framework */ = {isa = PBXFileReference; lastKnownFileType = wrapper.framework; name = CFNetwork.framework; path = System/Library/Frameworks/CFNetwork.framework; sourceTree = SDKROOT; };
		F687203D158B222E008220B5 /* MobileCoreServices.framework */ = {isa = PBXFileReference; lastKnownFileType = wrapper.framework; name = MobileCoreServices.framework; path = System/Library/Frameworks/MobileCoreServices.framework; sourceTree = SDKROOT; };
		F687203F158B2234008220B5 /* libz.1.2.5.dylib */ = {isa = PBXFileReference; lastKnownFileType = "compiled.mach-o.dylib"; name = libz.1.2.5.dylib; path = usr/lib/libz.1.2.5.dylib; sourceTree = SDKROOT; };
		F6CDE3D3158B3B5600D9B60A /* MBProgressHUDViewController.h */ = {isa = PBXFileReference; fileEncoding = 4; lastKnownFileType = sourcecode.c.h; path = MBProgressHUDViewController.h; sourceTree = "<group>"; };
		F6CDE3D4158B3B5600D9B60A /* MBProgressHUDViewController.m */ = {isa = PBXFileReference; fileEncoding = 4; lastKnownFileType = sourcecode.c.objc; path = MBProgressHUDViewController.m; sourceTree = "<group>"; };
/* End PBXFileReference section */

/* Begin PBXFrameworksBuildPhase section */
		F6458939158A3D4D00BC79B8 /* Frameworks */ = {
			isa = PBXFrameworksBuildPhase;
			buildActionMask = 2147483647;
			files = (
				F60BCEB8158B8CC30012E0FA /* libsqlite3.dylib in Frameworks */,
				F6872040158B2234008220B5 /* libz.1.2.5.dylib in Frameworks */,
				F687203E158B222E008220B5 /* MobileCoreServices.framework in Frameworks */,
				F687203C158B2228008220B5 /* CFNetwork.framework in Frameworks */,
				F687203A158B221F008220B5 /* SystemConfiguration.framework in Frameworks */,
				F6458941158A3D4D00BC79B8 /* UIKit.framework in Frameworks */,
				F6458943158A3D4D00BC79B8 /* Foundation.framework in Frameworks */,
				F6458945158A3D4D00BC79B8 /* CoreGraphics.framework in Frameworks */,
			);
			runOnlyForDeploymentPostprocessing = 0;
		};
/* End PBXFrameworksBuildPhase section */

/* Begin PBXGroup section */
		F60BCEB3158B88420012E0FA /* Sqlite3 */ = {
			isa = PBXGroup;
			children = (
				F60BCEB4158B8A170012E0FA /* Sqlite3ViewController.h */,
				F60BCEB5158B8A170012E0FA /* Sqlite3ViewController.m */,
			);
			name = Sqlite3;
			sourceTree = "<group>";
		};
		F61CD895158B08C500D1C597 /* JSON */ = {
			isa = PBXGroup;
			children = (
				F61CD896158B08C500D1C597 /* NSObject+SBJson.h */,
				F61CD897158B08C500D1C597 /* NSObject+SBJson.m */,
				F61CD898158B08C500D1C597 /* SBJson.h */,
				F61CD899158B08C500D1C597 /* SBJsonParser.h */,
				F61CD89A158B08C500D1C597 /* SBJsonParser.m */,
				F61CD89B158B08C500D1C597 /* SBJsonStreamParser.h */,
				F61CD89C158B08C500D1C597 /* SBJsonStreamParser.m */,
				F61CD89D158B08C500D1C597 /* SBJsonStreamParserAccumulator.h */,
				F61CD89E158B08C500D1C597 /* SBJsonStreamParserAccumulator.m */,
				F61CD89F158B08C500D1C597 /* SBJsonStreamParserAdapter.h */,
				F61CD8A0158B08C500D1C597 /* SBJsonStreamParserAdapter.m */,
				F61CD8A1158B08C500D1C597 /* SBJsonStreamParserState.h */,
				F61CD8A2158B08C500D1C597 /* SBJsonStreamParserState.m */,
				F61CD8A3158B08C500D1C597 /* SBJsonStreamWriter.h */,
				F61CD8A4158B08C500D1C597 /* SBJsonStreamWriter.m */,
				F61CD8A5158B08C500D1C597 /* SBJsonStreamWriterAccumulator.h */,
				F61CD8A6158B08C500D1C597 /* SBJsonStreamWriterAccumulator.m */,
				F61CD8A7158B08C500D1C597 /* SBJsonStreamWriterState.h */,
				F61CD8A8158B08C500D1C597 /* SBJsonStreamWriterState.m */,
				F61CD8A9158B08C500D1C597 /* SBJsonTokeniser.h */,
				F61CD8AA158B08C500D1C597 /* SBJsonTokeniser.m */,
				F61CD8AB158B08C500D1C597 /* SBJsonUTF8Stream.h */,
				F61CD8AC158B08C500D1C597 /* SBJsonUTF8Stream.m */,
				F61CD8AD158B08C500D1C597 /* SBJsonWriter.h */,
				F61CD8AE158B08C500D1C597 /* SBJsonWriter.m */,
			);
			path = JSON;
			sourceTree = "<group>";
		};
		F61CD8BC158B0AC300D1C597 /* resources */ = {
			isa = PBXGroup;
			children = (
				F6458952158A3D4D00BC79B8 /* MainStoryboard_iPhone.storyboard */,
				F6458955158A3D4D00BC79B8 /* MainStoryboard_iPad.storyboard */,
			);
			name = resources;
			sourceTree = "<group>";
		};
		F61CD8BD158B0AD800D1C597 /* classes */ = {
			isa = PBXGroup;
			children = (
				F60BCEB3158B88420012E0FA /* Sqlite3 */,
				F6CDE3CF158B386D00D9B60A /* MBProgressHUD */,
				F61CD8BF158B0B3700D1C597 /* WebService */,
				F61CD8BE158B0B0100D1C597 /* controllers */,
				F645894F158A3D4D00BC79B8 /* dholerAppDelegate.h */,
				F6458950158A3D4D00BC79B8 /* dholerAppDelegate.m */,
			);
			name = classes;
			sourceTree = "<group>";
		};
		F61CD8BE158B0B0100D1C597 /* controllers */ = {
			isa = PBXGroup;
			children = (
				F6458958158A3D4D00BC79B8 /* dholerViewController.h */,
				F6458959158A3D4D00BC79B8 /* dholerViewController.m */,
			);
			name = controllers;
			sourceTree = "<group>";
		};
		F61CD8BF158B0B3700D1C597 /* WebService */ = {
			isa = PBXGroup;
			children = (
				F61CD8C0158B0B7D00D1C597 /* JSONViewController.h */,
				F61CD8C1158B0B7D00D1C597 /* JSONViewController.m */,
			);
			name = WebService;
			sourceTree = "<group>";
		};
		F61CD8C3158B0D5B00D1C597 /* MBProgressHUD */ = {
			isa = PBXGroup;
			children = (
				F61CD8C4158B0D5B00D1C597 /* MBProgressHUD.h */,
				F61CD8C5158B0D5B00D1C597 /* MBProgressHUD.m */,
			);
			path = MBProgressHUD;
			sourceTree = "<group>";
		};
		F61CD8C7158B0D6100D1C597 /* Lib */ = {
			isa = PBXGroup;
			children = (
				F6872018158B21F2008220B5 /* ASIHTTPRequest */,
				F61CD8C3158B0D5B00D1C597 /* MBProgressHUD */,
				F61CD895158B08C500D1C597 /* JSON */,
			);
			name = Lib;
			sourceTree = "<group>";
		};
		F6458931158A3D4D00BC79B8 = {
			isa = PBXGroup;
			children = (
				F61CD8C7158B0D6100D1C597 /* Lib */,
				F6458946158A3D4D00BC79B8 /* MyIOS */,
				F645893F158A3D4D00BC79B8 /* Frameworks */,
				F645893D158A3D4D00BC79B8 /* Products */,
			);
			sourceTree = "<group>";
		};
		F645893D158A3D4D00BC79B8 /* Products */ = {
			isa = PBXGroup;
			children = (
				F645893C158A3D4D00BC79B8 /* MyIOS.app */,
			);
			name = Products;
			sourceTree = "<group>";
		};
		F645893F158A3D4D00BC79B8 /* Frameworks */ = {
			isa = PBXGroup;
			children = (
				F60BCEB7158B8CC30012E0FA /* libsqlite3.dylib */,
				F6458940158A3D4D00BC79B8 /* UIKit.framework */,
				F6458942158A3D4D00BC79B8 /* Foundation.framework */,
				F6458944158A3D4D00BC79B8 /* CoreGraphics.framework */,
			);
			name = Frameworks;
			sourceTree = "<group>";
		};
		F6458946158A3D4D00BC79B8 /* MyIOS */ = {
			isa = PBXGroup;
			children = (
				F61CD8BD158B0AD800D1C597 /* classes */,
				F61CD8BC158B0AC300D1C597 /* resources */,
				F6458947158A3D4D00BC79B8 /* Supporting Files */,
			);
			path = MyIOS;
			sourceTree = "<group>";
		};
		F6458947158A3D4D00BC79B8 /* Supporting Files */ = {
			isa = PBXGroup;
			children = (
				F6458948158A3D4D00BC79B8 /* MyIOS-Info.plist */,
				F6458949158A3D4D00BC79B8 /* InfoPlist.strings */,
				F645894C158A3D4D00BC79B8 /* main.m */,
				F645894E158A3D4D00BC79B8 /* MyIOS-Prefix.pch */,
			);
			name = "Supporting Files";
			sourceTree = "<group>";
		};
		F6872018158B21F2008220B5 /* ASIHTTPRequest */ = {
			isa = PBXGroup;
			children = (
				F6872038158B220A008220B5 /* Frameworks */,
				F6872019158B21F2008220B5 /* ASIAuthenticationDialog.h */,
				F687201A158B21F2008220B5 /* ASIAuthenticationDialog.m */,
				F687201B158B21F2008220B5 /* ASICacheDelegate.h */,
				F687201C158B21F2008220B5 /* ASIDataCompressor.h */,
				F687201D158B21F2008220B5 /* ASIDataCompressor.m */,
				F687201E158B21F2008220B5 /* ASIDataDecompressor.h */,
				F687201F158B21F2008220B5 /* ASIDataDecompressor.m */,
				F6872020158B21F2008220B5 /* ASIDownloadCache.h */,
				F6872021158B21F2008220B5 /* ASIDownloadCache.m */,
				F6872022158B21F2008220B5 /* ASIFormDataRequest.h */,
				F6872023158B21F2008220B5 /* ASIFormDataRequest.m */,
				F6872024158B21F2008220B5 /* ASIHTTPRequest.h */,
				F6872025158B21F2008220B5 /* ASIHTTPRequest.m */,
				F6872026158B21F2008220B5 /* ASIHTTPRequestConfig.h */,
				F6872027158B21F2008220B5 /* ASIHTTPRequestDelegate.h */,
				F6872028158B21F2008220B5 /* ASIInputStream.h */,
				F6872029158B21F2008220B5 /* ASIInputStream.m */,
				F687202A158B21F2008220B5 /* ASINetworkQueue.h */,
				F687202B158B21F2008220B5 /* ASINetworkQueue.m */,
				F687202C158B21F2008220B5 /* ASIProgressDelegate.h */,
				F687202D158B21F2008220B5 /* Reachability.h */,
				F687202E158B21F2008220B5 /* Reachability.m */,
			);
			path = ASIHTTPRequest;
			sourceTree = "<group>";
		};
		F6872038158B220A008220B5 /* Frameworks */ = {
			isa = PBXGroup;
			children = (
				F687203F158B2234008220B5 /* libz.1.2.5.dylib */,
				F687203D158B222E008220B5 /* MobileCoreServices.framework */,
				F687203B158B2228008220B5 /* CFNetwork.framework */,
				F6872039158B221F008220B5 /* SystemConfiguration.framework */,
			);
			name = Frameworks;
			sourceTree = "<group>";
		};
		F6CDE3CF158B386D00D9B60A /* MBProgressHUD */ = {
			isa = PBXGroup;
			children = (
				F6CDE3D3158B3B5600D9B60A /* MBProgressHUDViewController.h */,
				F6CDE3D4158B3B5600D9B60A /* MBProgressHUDViewController.m */,
			);
			name = MBProgressHUD;
			sourceTree = "<group>";
		};
/* End PBXGroup section */

/* Begin PBXNativeTarget section */
		F645893B158A3D4D00BC79B8 /* MyIOS */ = {
			isa = PBXNativeTarget;
			buildConfigurationList = F645895D158A3D4D00BC79B8 /* Build configuration list for PBXNativeTarget "MyIOS" */;
			buildPhases = (
				F6458938158A3D4D00BC79B8 /* Sources */,
				F6458939158A3D4D00BC79B8 /* Frameworks */,
				F645893A158A3D4D00BC79B8 /* Resources */,
			);
			buildRules = (
			);
			dependencies = (
			);
			name = MyIOS;
			productName = MyIOS;
			productReference = F645893C158A3D4D00BC79B8 /* MyIOS.app */;
			productType = "com.apple.product-type.application";
		};
/* End PBXNativeTarget section */

/* Begin PBXProject section */
		F6458933158A3D4D00BC79B8 /* Project object */ = {
			isa = PBXProject;
			attributes = {
				CLASSPREFIX = dholer;
				LastUpgradeCheck = 0430;
			};
			buildConfigurationList = F6458936158A3D4D00BC79B8 /* Build configuration list for PBXProject "MyIOS" */;
			compatibilityVersion = "Xcode 3.2";
			developmentRegion = English;
			hasScannedForEncodings = 0;
			knownRegions = (
				en,
			);
			mainGroup = F6458931158A3D4D00BC79B8;
			productRefGroup = F645893D158A3D4D00BC79B8 /* Products */;
			projectDirPath = "";
			projectRoot = "";
			targets = (
				F645893B158A3D4D00BC79B8 /* MyIOS */,
			);
		};
/* End PBXProject section */

/* Begin PBXResourcesBuildPhase section */
		F645893A158A3D4D00BC79B8 /* Resources */ = {
			isa = PBXResourcesBuildPhase;
			buildActionMask = 2147483647;
			files = (
				F645894B158A3D4D00BC79B8 /* InfoPlist.strings in Resources */,
				F6458954158A3D4D00BC79B8 /* MainStoryboard_iPhone.storyboard in Resources */,
				F6458957158A3D4D00BC79B8 /* MainStoryboard_iPad.storyboard in Resources */,
			);
			runOnlyForDeploymentPostprocessing = 0;
		};
/* End PBXResourcesBuildPhase section */

/* Begin PBXSourcesBuildPhase section */
		F6458938158A3D4D00BC79B8 /* Sources */ = {
			isa = PBXSourcesBuildPhase;
			buildActionMask = 2147483647;
			files = (
				F645894D158A3D4D00BC79B8 /* main.m in Sources */,
				F6458951158A3D4D00BC79B8 /* dholerAppDelegate.m in Sources */,
				F645895A158A3D4D00BC79B8 /* dholerViewController.m in Sources */,
				F61CD8AF158B08C500D1C597 /* NSObject+SBJson.m in Sources */,
				F61CD8B0158B08C500D1C597 /* SBJsonParser.m in Sources */,
				F61CD8B1158B08C500D1C597 /* SBJsonStreamParser.m in Sources */,
				F61CD8B2158B08C500D1C597 /* SBJsonStreamParserAccumulator.m in Sources */,
				F61CD8B3158B08C500D1C597 /* SBJsonStreamParserAdapter.m in Sources */,
				F61CD8B4158B08C500D1C597 /* SBJsonStreamParserState.m in Sources */,
				F61CD8B5158B08C500D1C597 /* SBJsonStreamWriter.m in Sources */,
				F61CD8B6158B08C500D1C597 /* SBJsonStreamWriterAccumulator.m in Sources */,
				F61CD8B7158B08C500D1C597 /* SBJsonStreamWriterState.m in Sources */,
				F61CD8B8158B08C500D1C597 /* SBJsonTokeniser.m in Sources */,
				F61CD8B9158B08C500D1C597 /* SBJsonUTF8Stream.m in Sources */,
				F61CD8BA158B08C500D1C597 /* SBJsonWriter.m in Sources */,
				F61CD8C2158B0B7D00D1C597 /* JSONViewController.m in Sources */,
				F61CD8C6158B0D5B00D1C597 /* MBProgressHUD.m in Sources */,
				F687202F158B21F2008220B5 /* ASIAuthenticationDialog.m in Sources */,
				F6872030158B21F2008220B5 /* ASIDataCompressor.m in Sources */,
				F6872031158B21F2008220B5 /* ASIDataDecompressor.m in Sources */,
				F6872032158B21F2008220B5 /* ASIDownloadCache.m in Sources */,
				F6872033158B21F2008220B5 /* ASIFormDataRequest.m in Sources */,
				F6872034158B21F2008220B5 /* ASIHTTPRequest.m in Sources */,
				F6872035158B21F2008220B5 /* ASIInputStream.m in Sources */,
				F6872036158B21F2008220B5 /* ASINetworkQueue.m in Sources */,
				F6872037158B21F2008220B5 /* Reachability.m in Sources */,
				F6CDE3D5158B3B5600D9B60A /* MBProgressHUDViewController.m in Sources */,
				F60BCEB6158B8A170012E0FA /* Sqlite3ViewController.m in Sources */,
			);
			runOnlyForDeploymentPostprocessing = 0;
		};
/* End PBXSourcesBuildPhase section */

/* Begin PBXVariantGroup section */
		F6458949158A3D4D00BC79B8 /* InfoPlist.strings */ = {
			isa = PBXVariantGroup;
			children = (
				F645894A158A3D4D00BC79B8 /* en */,
			);
			name = InfoPlist.strings;
			sourceTree = "<group>";
		};
		F6458952158A3D4D00BC79B8 /* MainStoryboard_iPhone.storyboard */ = {
			isa = PBXVariantGroup;
			children = (
				F6458953158A3D4D00BC79B8 /* en */,
			);
			name = MainStoryboard_iPhone.storyboard;
			sourceTree = "<group>";
		};
		F6458955158A3D4D00BC79B8 /* MainStoryboard_iPad.storyboard */ = {
			isa = PBXVariantGroup;
			children = (
				F6458956158A3D4D00BC79B8 /* en */,
			);
			name = MainStoryboard_iPad.storyboard;
			sourceTree = "<group>";
		};
/* End PBXVariantGroup section */

/* Begin XCBuildConfiguration section */
		F645895B158A3D4D00BC79B8 /* Debug */ = {
			isa = XCBuildConfiguration;
			buildSettings = {
				ALWAYS_SEARCH_USER_PATHS = NO;
				ARCHS = "$(ARCHS_STANDARD_32_BIT)";
				CLANG_ENABLE_OBJC_ARC = YES;
				"CODE_SIGN_IDENTITY[sdk=iphoneos*]" = "iPhone Developer";
				COPY_PHASE_STRIP = NO;
				GCC_C_LANGUAGE_STANDARD = gnu99;
				GCC_DYNAMIC_NO_PIC = NO;
				GCC_OPTIMIZATION_LEVEL = 0;
				GCC_PREPROCESSOR_DEFINITIONS = (
					"DEBUG=1",
					"$(inherited)",
				);
				GCC_SYMBOLS_PRIVATE_EXTERN = NO;
				GCC_VERSION = com.apple.compilers.llvm.clang.1_0;
				GCC_WARN_ABOUT_RETURN_TYPE = YES;
				GCC_WARN_UNINITIALIZED_AUTOS = YES;
				GCC_WARN_UNUSED_VARIABLE = YES;
				IPHONEOS_DEPLOYMENT_TARGET = 5.1;
				SDKROOT = iphoneos;
				TARGETED_DEVICE_FAMILY = "1,2";
			};
			name = Debug;
		};
		F645895C158A3D4D00BC79B8 /* Release */ = {
			isa = XCBuildConfiguration;
			buildSettings = {
				ALWAYS_SEARCH_USER_PATHS = NO;
				ARCHS = "$(ARCHS_STANDARD_32_BIT)";
				CLANG_ENABLE_OBJC_ARC = YES;
				"CODE_SIGN_IDENTITY[sdk=iphoneos*]" = "iPhone Developer";
				COPY_PHASE_STRIP = YES;
				GCC_C_LANGUAGE_STANDARD = gnu99;
				GCC_VERSION = com.apple.compilers.llvm.clang.1_0;
				GCC_WARN_ABOUT_RETURN_TYPE = YES;
				GCC_WARN_UNINITIALIZED_AUTOS = YES;
				GCC_WARN_UNUSED_VARIABLE = YES;
				IPHONEOS_DEPLOYMENT_TARGET = 5.1;
				OTHER_CFLAGS = "-DNS_BLOCK_ASSERTIONS=1";
				SDKROOT = iphoneos;
				TARGETED_DEVICE_FAMILY = "1,2";
				VALIDATE_PRODUCT = YES;
			};
			name = Release;
		};
		F645895E158A3D4D00BC79B8 /* Debug */ = {
			isa = XCBuildConfiguration;
			buildSettings = {
				GCC_PRECOMPILE_PREFIX_HEADER = YES;
				GCC_PREFIX_HEADER = "MyIOS/MyIOS-Prefix.pch";
				INFOPLIST_FILE = "MyIOS/MyIOS-Info.plist";
				PRODUCT_NAME = "$(TARGET_NAME)";
				TARGETED_DEVICE_FAMILY = 1;
				WRAPPER_EXTENSION = app;
			};
			name = Debug;
		};
		F645895F158A3D4D00BC79B8 /* Release */ = {
			isa = XCBuildConfiguration;
			buildSettings = {
				GCC_PRECOMPILE_PREFIX_HEADER = YES;
				GCC_PREFIX_HEADER = "MyIOS/MyIOS-Prefix.pch";
				INFOPLIST_FILE = "MyIOS/MyIOS-Info.plist";
				PRODUCT_NAME = "$(TARGET_NAME)";
				TARGETED_DEVICE_FAMILY = 1;
				WRAPPER_EXTENSION = app;
			};
			name = Release;
		};
/* End XCBuildConfiguration section */

/* Begin XCConfigurationList section */
		F6458936158A3D4D00BC79B8 /* Build configuration list for PBXProject "MyIOS" */ = {
			isa = XCConfigurationList;
			buildConfigurations = (
				F645895B158A3D4D00BC79B8 /* Debug */,
				F645895C158A3D4D00BC79B8 /* Release */,
			);
			defaultConfigurationIsVisible = 0;
			defaultConfigurationName = Release;
		};
		F645895D158A3D4D00BC79B8 /* Build configuration list for PBXNativeTarget "MyIOS" */ = {
			isa = XCConfigurationList;
			buildConfigurations = (
				F645895E158A3D4D00BC79B8 /* Debug */,
				F645895F158A3D4D00BC79B8 /* Release */,
			);
			defaultConfigurationIsVisible = 0;
			defaultConfigurationName = Release;
		};
/* End XCConfigurationList section */
	};
	rootObject = F6458933158A3D4D00BC79B8 /* Project object */;
}
