// !$*UTF8*$!
{
	archiveVersion = 1;
	classes = {
	};
	objectVersion = 46;
	objects = {

/* Begin PBXBuildFile section */
		F60BCEB6158B8A170012E0FA /* Sqlite3ViewController.m in Sources */ = {isa = PBXBuildFile; fileRef = F60BCEB5158B8A170012E0FA /* Sqlite3ViewController.m */; };
		F60BCEB8158B8CC30012E0FA /* libsqlite3.dylib in Frameworks */ = {isa = PBXBuildFile; fileRef = F60BCEB7158B8CC30012E0FA /* libsqlite3.dylib */; };
		F60C6AEA158F8A2C009D5146 /* FMDBViewController.m in Sources */ = {isa = PBXBuildFile; fileRef = F60C6AE9158F8A2C009D5146 /* FMDBViewController.m */; };
		F61CD8AF158B08C500D1C597 /* NSObject+SBJson.m in Sources */ = {isa = PBXBuildFile; fileRef = F61CD897158B08C500D1C597 /* NSObject+SBJson.m */; };
		F61CD8B0158B08C500D1C597 /* SBJsonParser.m in Sources */ = {isa = PBXBuildFile; fileRef = F61CD89A158B08C500D1C597 /* SBJsonParser.m */; };
		F61CD8B1158B08C500D1C597 /* SBJsonStreamParser.m in Sources */ = {isa = PBXBuildFile; fileRef = F61CD89C158B08C500D1C597 /* SBJsonStreamParser.m */; };
		F61CD8B2158B08C500D1C597 /* SBJsonStreamParserAccumulator.m in Sources */ = {isa = PBXBuildFile; fileRef = F61CD89E158B08C500D1C597 /* SBJsonStreamParserAccumulator.m */; };
		F61CD8B3158B08C500D1C597 /* SBJsonStreamParserAdapter.m in Sources */ = {isa = PBXBuildFile; fileRef = F61CD8A0158B08C500D1C597 /* SBJsonStreamParserAdapter.m */; };
		F61CD8B4158B08C500D1C597 /* SBJsonStreamParserState.m in Sources */ = {isa = PBXBuildFile; fileRef = F61CD8A2158B08C500D1C597 /* SBJsonStreamParserState.m */; };
		F61CD8B5158B08C500D1C597 /* SBJsonStreamWriter.m in Sources */ = {isa = PBXBuildFile; fileRef = F61CD8A4158B08C500D1C597 /* SBJsonStreamWriter.m */; };
		F61CD8B6158B08C500D1C597 /* SBJsonStreamWriterAccumulator.m in Sources */ = {isa = PBXBuildFile; fileRef = F61CD8A6158B08C500D1C597 /* SBJsonStreamWriterAccumulator.m */; };
		F61CD8B7158B08C500D1C597 /* SBJsonStreamWriterState.m in Sources */ = {isa = PBXBuildFile; fileRef = F61CD8A8158B08C500D1C597 /* SBJsonStreamWriterState.m */; };
		F61CD8B8158B08C500D1C597 /* SBJsonTokeniser.m in Sources */ = {isa = PBXBuildFile; fileRef = F61CD8AA158B08C500D1C597 /* SBJsonTokeniser.m */; };
		F61CD8B9158B08C500D1C597 /* SBJsonUTF8Stream.m in Sources */ = {isa = PBXBuildFile; fileRef = F61CD8AC158B08C500D1C597 /* SBJsonUTF8Stream.m */; };
		F61CD8BA158B08C500D1C597 /* SBJsonWriter.m in Sources */ = {isa = PBXBuildFile; fileRef = F61CD8AE158B08C500D1C597 /* SBJsonWriter.m */; };
		F61CD8C2158B0B7D00D1C597 /* JSONViewController.m in Sources */ = {isa = PBXBuildFile; fileRef = F61CD8C1158B0B7D00D1C597 /* JSONViewController.m */; };
		F61CD8C6158B0D5B00D1C597 /* MBProgressHUD.m in Sources */ = {isa = PBXBuildFile; fileRef = F61CD8C5158B0D5B00D1C597 /* MBProgressHUD.m */; };
		F6458941158A3D4D00BC79B8 /* UIKit.framework in Frameworks */ = {isa = PBXBuildFile; fileRef = F6458940158A3D4D00BC79B8 /* UIKit.framework */; };
		F6458943158A3D4D00BC79B8 /* Foundation.framework in Frameworks */ = {isa = PBXBuildFile; fileRef = F6458942158A3D4D00BC79B8 /* Foundation.framework */; };
		F6458945158A3D4D00BC79B8 /* CoreGraphics.framework in Frameworks */ = {isa = PBXBuildFile; fileRef = F6458944158A3D4D00BC79B8 /* CoreGraphics.framework */; };
		F645894B158A3D4D00BC79B8 /* InfoPlist.strings in Resources */ = {isa = PBXBuildFile; fileRef = F6458949158A3D4D00BC79B8 /* InfoPlist.strings */; };
		F645894D158A3D4D00BC79B8 /* main.m in Sources */ = {isa = PBXBuildFile; fileRef = F645894C158A3D4D00BC79B8 /* main.m */; };
		F6458951158A3D4D00BC79B8 /* dholerAppDelegate.m in Sources */ = {isa = PBXBuildFile; fileRef = F6458950158A3D4D00BC79B8 /* dholerAppDelegate.m */; };
		F6458954158A3D4D00BC79B8 /* MainStoryboard_iPhone.storyboard in Resources */ = {isa = PBXBuildFile; fileRef = F6458952158A3D4D00BC79B8 /* MainStoryboard_iPhone.storyboard */; };
		F6458957158A3D4D00BC79B8 /* MainStoryboard_iPad.storyboard in Resources */ = {isa = PBXBuildFile; fileRef = F6458955158A3D4D00BC79B8 /* MainStoryboard_iPad.storyboard */; };
		F645895A158A3D4D00BC79B8 /* dholerViewController.m in Sources */ = {isa = PBXBuildFile; fileRef = F6458959158A3D4D00BC79B8 /* dholerViewController.m */; };
		F6623CCF158C179D00AD403A /* KeyboardViewController.m in Sources */ = {isa = PBXBuildFile; fileRef = F6623CCE158C179D00AD403A /* KeyboardViewController.m */; };
		F6623CD2158C243700AD403A /* KeyboardDelegateViewController.m in Sources */ = {isa = PBXBuildFile; fileRef = F6623CD1158C243700AD403A /* KeyboardDelegateViewController.m */; };
		F6623CD6158C2E2E00AD403A /* AddButtonViewController.m in Sources */ = {isa = PBXBuildFile; fileRef = F6623CD5158C2E2E00AD403A /* AddButtonViewController.m */; };
		F6623CDA158C3C6500AD403A /* ReadPlistFileViewController.m in Sources */ = {isa = PBXBuildFile; fileRef = F6623CD9158C3C6500AD403A /* ReadPlistFileViewController.m */; };
		F6623CDC158C3C9900AD403A /* customInfo.plist in Resources */ = {isa = PBXBuildFile; fileRef = F6623CDB158C3C9900AD403A /* customInfo.plist */; };
		F6623CE0158C46CB00AD403A /* UIComponentViewController.m in Sources */ = {isa = PBXBuildFile; fileRef = F6623CDF158C46CB00AD403A /* UIComponentViewController.m */; };
		F67C82BF158F7F8E000F5ADC /* masks.html in Resources */ = {isa = PBXBuildFile; fileRef = F67C82B1158F7F8E000F5ADC /* masks.html */; };
		F67C82C6158F7F8E000F5ADC /* pics.html in Resources */ = {isa = PBXBuildFile; fileRef = F67C82B8158F7F8E000F5ADC /* pics.html */; };
		F687202F158B21F2008220B5 /* ASIAuthenticationDialog.m in Sources */ = {isa = PBXBuildFile; fileRef = F687201A158B21F2008220B5 /* ASIAuthenticationDialog.m */; settings = {COMPILER_FLAGS = "-fno-objc-arc"; }; };
		F6872030158B21F2008220B5 /* ASIDataCompressor.m in Sources */ = {isa = PBXBuildFile; fileRef = F687201D158B21F2008220B5 /* ASIDataCompressor.m */; settings = {COMPILER_FLAGS = "-fno-objc-arc"; }; };
		F6872031158B21F2008220B5 /* ASIDataDecompressor.m in Sources */ = {isa = PBXBuildFile; fileRef = F687201F158B21F2008220B5 /* ASIDataDecompressor.m */; settings = {COMPILER_FLAGS = "-fno-objc-arc"; }; };
		F6872032158B21F2008220B5 /* ASIDownloadCache.m in Sources */ = {isa = PBXBuildFile; fileRef = F6872021158B21F2008220B5 /* ASIDownloadCache.m */; settings = {COMPILER_FLAGS = "-fno-objc-arc"; }; };
		F6872033158B21F2008220B5 /* ASIFormDataRequest.m in Sources */ = {isa = PBXBuildFile; fileRef = F6872023158B21F2008220B5 /* ASIFormDataRequest.m */; settings = {COMPILER_FLAGS = "-fno-objc-arc"; }; };
		F6872034158B21F2008220B5 /* ASIHTTPRequest.m in Sources */ = {isa = PBXBuildFile; fileRef = F6872025158B21F2008220B5 /* ASIHTTPRequest.m */; settings = {COMPILER_FLAGS = "-fno-objc-arc"; }; };
		F6872035158B21F2008220B5 /* ASIInputStream.m in Sources */ = {isa = PBXBuildFile; fileRef = F6872029158B21F2008220B5 /* ASIInputStream.m */; settings = {COMPILER_FLAGS = "-fno-objc-arc"; }; };
		F6872036158B21F2008220B5 /* ASINetworkQueue.m in Sources */ = {isa = PBXBuildFile; fileRef = F687202B158B21F2008220B5 /* ASINetworkQueue.m */; settings = {COMPILER_FLAGS = "-fno-objc-arc"; }; };
		F6872037158B21F2008220B5 /* Reachability.m in Sources */ = {isa = PBXBuildFile; fileRef = F687202E158B21F2008220B5 /* Reachability.m */; settings = {COMPILER_FLAGS = "-fno-objc-arc"; }; };
		F687203A158B221F008220B5 /* SystemConfiguration.framework in Frameworks */ = {isa = PBXBuildFile; fileRef = F6872039158B221F008220B5 /* SystemConfiguration.framework */; };
		F687203C158B2228008220B5 /* CFNetwork.framework in Frameworks */ = {isa = PBXBuildFile; fileRef = F687203B158B2228008220B5 /* CFNetwork.framework */; };
		F687203E158B222E008220B5 /* MobileCoreServices.framework in Frameworks */ = {isa = PBXBuildFile; fileRef = F687203D158B222E008220B5 /* MobileCoreServices.framework */; };
		F6872040158B2234008220B5 /* libz.1.2.5.dylib in Frameworks */ = {isa = PBXBuildFile; fileRef = F687203F158B2234008220B5 /* libz.1.2.5.dylib */; };
		F6937966158F23DF00ACCA17 /* WebviewViewController.m in Sources */ = {isa = PBXBuildFile; fileRef = F6937965158F23DF00ACCA17 /* WebviewViewController.m */; };
		F6BF998F1592BDA300EB458D /* 1Star.png in Resources */ = {isa = PBXBuildFile; fileRef = F6BF99771592BDA300EB458D /* 1Star.png */; };
		F6BF99901592BDA300EB458D /* 1Star@2x.png in Resources */ = {isa = PBXBuildFile; fileRef = F6BF99781592BDA300EB458D /* 1Star@2x.png */; };
		F6BF99911592BDA300EB458D /* 1StarSmall.png in Resources */ = {isa = PBXBuildFile; fileRef = F6BF99791592BDA300EB458D /* 1StarSmall.png */; };
		F6BF99921592BDA300EB458D /* 1StarSmall@2x.png in Resources */ = {isa = PBXBuildFile; fileRef = F6BF997A1592BDA300EB458D /* 1StarSmall@2x.png */; };
		F6BF99931592BDA300EB458D /* 2Stars.png in Resources */ = {isa = PBXBuildFile; fileRef = F6BF997B1592BDA300EB458D /* 2Stars.png */; };
		F6BF99941592BDA300EB458D /* 2Stars@2x.png in Resources */ = {isa = PBXBuildFile; fileRef = F6BF997C1592BDA300EB458D /* 2Stars@2x.png */; };
		F6BF99951592BDA300EB458D /* 2StarsSmall.png in Resources */ = {isa = PBXBuildFile; fileRef = F6BF997D1592BDA300EB458D /* 2StarsSmall.png */; };
		F6BF99961592BDA300EB458D /* 2StarsSmall@2x.png in Resources */ = {isa = PBXBuildFile; fileRef = F6BF997E1592BDA300EB458D /* 2StarsSmall@2x.png */; };
		F6BF99971592BDA300EB458D /* 3Stars.png in Resources */ = {isa = PBXBuildFile; fileRef = F6BF997F1592BDA300EB458D /* 3Stars.png */; };
		F6BF99981592BDA300EB458D /* 3Stars@2x.png in Resources */ = {isa = PBXBuildFile; fileRef = F6BF99801592BDA300EB458D /* 3Stars@2x.png */; };
		F6BF99991592BDA300EB458D /* 3StarsSmall.png in Resources */ = {isa = PBXBuildFile; fileRef = F6BF99811592BDA300EB458D /* 3StarsSmall.png */; };
		F6BF999A1592BDA300EB458D /* 3StarsSmall@2x.png in Resources */ = {isa = PBXBuildFile; fileRef = F6BF99821592BDA300EB458D /* 3StarsSmall@2x.png */; };
		F6BF999B1592BDA300EB458D /* 4Stars.png in Resources */ = {isa = PBXBuildFile; fileRef = F6BF99831592BDA300EB458D /* 4Stars.png */; };
		F6BF999C1592BDA300EB458D /* 4Stars@2x.png in Resources */ = {isa = PBXBuildFile; fileRef = F6BF99841592BDA300EB458D /* 4Stars@2x.png */; };
		F6BF999D1592BDA300EB458D /* 4StarsSmall.png in Resources */ = {isa = PBXBuildFile; fileRef = F6BF99851592BDA300EB458D /* 4StarsSmall.png */; };
		F6BF999E1592BDA300EB458D /* 4StarsSmall@2x.png in Resources */ = {isa = PBXBuildFile; fileRef = F6BF99861592BDA300EB458D /* 4StarsSmall@2x.png */; };
		F6BF999F1592BDA300EB458D /* 5Stars.png in Resources */ = {isa = PBXBuildFile; fileRef = F6BF99871592BDA300EB458D /* 5Stars.png */; };
		F6BF99A01592BDA300EB458D /* 5Stars@2x.png in Resources */ = {isa = PBXBuildFile; fileRef = F6BF99881592BDA300EB458D /* 5Stars@2x.png */; };
		F6BF99A11592BDA300EB458D /* 5StarsSmall.png in Resources */ = {isa = PBXBuildFile; fileRef = F6BF99891592BDA300EB458D /* 5StarsSmall.png */; };
		F6BF99A21592BDA300EB458D /* 5StarsSmall@2x.png in Resources */ = {isa = PBXBuildFile; fileRef = F6BF998A1592BDA300EB458D /* 5StarsSmall@2x.png */; };
		F6BF99A31592BDA300EB458D /* Gestures.png in Resources */ = {isa = PBXBuildFile; fileRef = F6BF998B1592BDA300EB458D /* Gestures.png */; };
		F6BF99A41592BDA300EB458D /* Gestures@2x.png in Resources */ = {isa = PBXBuildFile; fileRef = F6BF998C1592BDA300EB458D /* Gestures@2x.png */; };
		F6BF99A51592BDA300EB458D /* Players.png in Resources */ = {isa = PBXBuildFile; fileRef = F6BF998D1592BDA300EB458D /* Players.png */; };
		F6BF99A61592BDA300EB458D /* Players@2x.png in Resources */ = {isa = PBXBuildFile; fileRef = F6BF998E1592BDA300EB458D /* Players@2x.png */; };
		F6BF99AB1592BFD200EB458D /* PlayersViewController.m in Sources */ = {isa = PBXBuildFile; fileRef = F6BF99AA1592BFD200EB458D /* PlayersViewController.m */; };
		F6BF99AE1592C09400EB458D /* Player.m in Sources */ = {isa = PBXBuildFile; fileRef = F6BF99AD1592C09400EB458D /* Player.m */; };
		F6BF99B51592DFB000EB458D /* PlayerCell.m in Sources */ = {isa = PBXBuildFile; fileRef = F6BF99B41592DFAF00EB458D /* PlayerCell.m */; };
		F6BF99BC1592F34E00EB458D /* PlayerDetailsViewController.m in Sources */ = {isa = PBXBuildFile; fileRef = F6BF99BB1592F34E00EB458D /* PlayerDetailsViewController.m */; };
		F6C96F6E158D78500039DD23 /* FMDatabase.m in Sources */ = {isa = PBXBuildFile; fileRef = F6C96F64158D78500039DD23 /* FMDatabase.m */; };
		F6C96F6F158D78500039DD23 /* FMDatabaseAdditions.m in Sources */ = {isa = PBXBuildFile; fileRef = F6C96F66158D78500039DD23 /* FMDatabaseAdditions.m */; };
		F6C96F70158D78500039DD23 /* FMDatabasePool.m in Sources */ = {isa = PBXBuildFile; fileRef = F6C96F68158D78500039DD23 /* FMDatabasePool.m */; };
		F6C96F71158D78500039DD23 /* FMDatabaseQueue.m in Sources */ = {isa = PBXBuildFile; fileRef = F6C96F6A158D78500039DD23 /* FMDatabaseQueue.m */; };
		F6C96F73158D78500039DD23 /* FMResultSet.m in Sources */ = {isa = PBXBuildFile; fileRef = F6C96F6D158D78500039DD23 /* FMResultSet.m */; };
		F6C993E4158CCBC10052DE5F /* PikerDemoViewController.m in Sources */ = {isa = PBXBuildFile; fileRef = F6C993E3158CCBC10052DE5F /* PikerDemoViewController.m */; };
		F6C993EC158CD1D60052DE5F /* ProvinceCityViewController.m in Sources */ = {isa = PBXBuildFile; fileRef = F6C993EB158CD1D60052DE5F /* ProvinceCityViewController.m */; };
		F6C993EE158CD1E20052DE5F /* provinceCities.plist in Resources */ = {isa = PBXBuildFile; fileRef = F6C993ED158CD1E20052DE5F /* provinceCities.plist */; };
		F6C993F2158CD7040052DE5F /* ViewControllersViewController.m in Sources */ = {isa = PBXBuildFile; fileRef = F6C993F1158CD7040052DE5F /* ViewControllersViewController.m */; };
		F6C99407158CE67B0052DE5F /* 1.png in Resources */ = {isa = PBXBuildFile; fileRef = F6C993F9158CE67B0052DE5F /* 1.png */; };
		F6C99408158CE67B0052DE5F /* 10.png in Resources */ = {isa = PBXBuildFile; fileRef = F6C993FA158CE67B0052DE5F /* 10.png */; };
		F6C99409158CE67B0052DE5F /* 11.png in Resources */ = {isa = PBXBuildFile; fileRef = F6C993FB158CE67B0052DE5F /* 11.png */; };
		F6C9940A158CE67B0052DE5F /* 12.png in Resources */ = {isa = PBXBuildFile; fileRef = F6C993FC158CE67B0052DE5F /* 12.png */; };
		F6C9940B158CE67B0052DE5F /* 13.png in Resources */ = {isa = PBXBuildFile; fileRef = F6C993FD158CE67B0052DE5F /* 13.png */; };
		F6C9940C158CE67B0052DE5F /* 14.png in Resources */ = {isa = PBXBuildFile; fileRef = F6C993FE158CE67B0052DE5F /* 14.png */; };
		F6C9940D158CE67B0052DE5F /* 2.png in Resources */ = {isa = PBXBuildFile; fileRef = F6C993FF158CE67B0052DE5F /* 2.png */; };
		F6C9940E158CE67B0052DE5F /* 3.png in Resources */ = {isa = PBXBuildFile; fileRef = F6C99400158CE67B0052DE5F /* 3.png */; };
		F6C9940F158CE67B0052DE5F /* 4.png in Resources */ = {isa = PBXBuildFile; fileRef = F6C99401158CE67B0052DE5F /* 4.png */; };
		F6C99410158CE67B0052DE5F /* 5.png in Resources */ = {isa = PBXBuildFile; fileRef = F6C99402158CE67B0052DE5F /* 5.png */; };
		F6C99411158CE67B0052DE5F /* 6.png in Resources */ = {isa = PBXBuildFile; fileRef = F6C99403158CE67B0052DE5F /* 6.png */; };
		F6C99412158CE67B0052DE5F /* 7.png in Resources */ = {isa = PBXBuildFile; fileRef = F6C99404158CE67B0052DE5F /* 7.png */; };
		F6C99413158CE67B0052DE5F /* 8.png in Resources */ = {isa = PBXBuildFile; fileRef = F6C99405158CE67B0052DE5F /* 8.png */; };
		F6C99414158CE67B0052DE5F /* 9.png in Resources */ = {isa = PBXBuildFile; fileRef = F6C99406158CE67B0052DE5F /* 9.png */; };
		F6C99419158CE7920052DE5F /* CustomCell.m in Sources */ = {isa = PBXBuildFile; fileRef = F6C99418158CE7910052DE5F /* CustomCell.m */; };
		F6C9941B158CE7D50052DE5F /* CustomCell.xib in Resources */ = {isa = PBXBuildFile; fileRef = F6C9941A158CE7D50052DE5F /* CustomCell.xib */; };
		F6C9941E158CEA4A0052DE5F /* CustomCellViewController.m in Sources */ = {isa = PBXBuildFile; fileRef = F6C9941D158CEA4A0052DE5F /* CustomCellViewController.m */; };
		F6C99420158CECAE0052DE5F /* friendsInfo.plist in Resources */ = {isa = PBXBuildFile; fileRef = F6C9941F158CECAE0052DE5F /* friendsInfo.plist */; };
		F6C99429158CF2660052DE5F /* DateAndTimeViewController.m in Sources */ = {isa = PBXBuildFile; fileRef = F6C99428158CF2660052DE5F /* DateAndTimeViewController.m */; };
		F6CDE3D5158B3B5600D9B60A /* MBProgressHUDViewController.m in Sources */ = {isa = PBXBuildFile; fileRef = F6CDE3D4158B3B5600D9B60A /* MBProgressHUDViewController.m */; };
/* End PBXBuildFile section */

/* Begin PBXFileReference section */
		F60BCEB4158B8A170012E0FA /* Sqlite3ViewController.h */ = {isa = PBXFileReference; fileEncoding = 4; lastKnownFileType = sourcecode.c.h; path = Sqlite3ViewController.h; sourceTree = "<group>"; };
		F60BCEB5158B8A170012E0FA /* Sqlite3ViewController.m */ = {isa = PBXFileReference; fileEncoding = 4; lastKnownFileType = sourcecode.c.objc; path = Sqlite3ViewController.m; sourceTree = "<group>"; };
		F60BCEB7158B8CC30012E0FA /* libsqlite3.dylib */ = {isa = PBXFileReference; lastKnownFileType = "compiled.mach-o.dylib"; name = libsqlite3.dylib; path = usr/lib/libsqlite3.dylib; sourceTree = SDKROOT; };
		F60C6AE8158F8A2C009D5146 /* FMDBViewController.h */ = {isa = PBXFileReference; fileEncoding = 4; lastKnownFileType = sourcecode.c.h; path = FMDBViewController.h; sourceTree = "<group>"; };
		F60C6AE9158F8A2C009D5146 /* FMDBViewController.m */ = {isa = PBXFileReference; fileEncoding = 4; lastKnownFileType = sourcecode.c.objc; path = FMDBViewController.m; sourceTree = "<group>"; };
		F61CD896158B08C500D1C597 /* NSObject+SBJson.h */ = {isa = PBXFileReference; fileEncoding = 4; lastKnownFileType = sourcecode.c.h; path = "NSObject+SBJson.h"; sourceTree = "<group>"; };
		F61CD897158B08C500D1C597 /* NSObject+SBJson.m */ = {isa = PBXFileReference; fileEncoding = 4; lastKnownFileType = sourcecode.c.objc; path = "NSObject+SBJson.m"; sourceTree = "<group>"; };
		F61CD898158B08C500D1C597 /* SBJson.h */ = {isa = PBXFileReference; fileEncoding = 4; lastKnownFileType = sourcecode.c.h; path = SBJson.h; sourceTree = "<group>"; };
		F61CD899158B08C500D1C597 /* SBJsonParser.h */ = {isa = PBXFileReference; fileEncoding = 4; lastKnownFileType = sourcecode.c.h; path = SBJsonParser.h; sourceTree = "<group>"; };
		F61CD89A158B08C500D1C597 /* SBJsonParser.m */ = {isa = PBXFileReference; fileEncoding = 4; lastKnownFileType = sourcecode.c.objc; path = SBJsonParser.m; sourceTree = "<group>"; };
		F61CD89B158B08C500D1C597 /* SBJsonStreamParser.h */ = {isa = PBXFileReference; fileEncoding = 4; lastKnownFileType = sourcecode.c.h; path = SBJsonStreamParser.h; sourceTree = "<group>"; };
		F61CD89C158B08C500D1C597 /* SBJsonStreamParser.m */ = {isa = PBXFileReference; fileEncoding = 4; lastKnownFileType = sourcecode.c.objc; path = SBJsonStreamParser.m; sourceTree = "<group>"; };
		F61CD89D158B08C500D1C597 /* SBJsonStreamParserAccumulator.h */ = {isa = PBXFileReference; fileEncoding = 4; lastKnownFileType = sourcecode.c.h; path = SBJsonStreamParserAccumulator.h; sourceTree = "<group>"; };
		F61CD89E158B08C500D1C597 /* SBJsonStreamParserAccumulator.m */ = {isa = PBXFileReference; fileEncoding = 4; lastKnownFileType = sourcecode.c.objc; path = SBJsonStreamParserAccumulator.m; sourceTree = "<group>"; };
		F61CD89F158B08C500D1C597 /* SBJsonStreamParserAdapter.h */ = {isa = PBXFileReference; fileEncoding = 4; lastKnownFileType = sourcecode.c.h; path = SBJsonStreamParserAdapter.h; sourceTree = "<group>"; };
		F61CD8A0158B08C500D1C597 /* SBJsonStreamParserAdapter.m */ = {isa = PBXFileReference; fileEncoding = 4; lastKnownFileType = sourcecode.c.objc; path = SBJsonStreamParserAdapter.m; sourceTree = "<group>"; };
		F61CD8A1158B08C500D1C597 /* SBJsonStreamParserState.h */ = {isa = PBXFileReference; fileEncoding = 4; lastKnownFileType = sourcecode.c.h; path = SBJsonStreamParserState.h; sourceTree = "<group>"; };
		F61CD8A2158B08C500D1C597 /* SBJsonStreamParserState.m */ = {isa = PBXFileReference; fileEncoding = 4; lastKnownFileType = sourcecode.c.objc; path = SBJsonStreamParserState.m; sourceTree = "<group>"; };
		F61CD8A3158B08C500D1C597 /* SBJsonStreamWriter.h */ = {isa = PBXFileReference; fileEncoding = 4; lastKnownFileType = sourcecode.c.h; path = SBJsonStreamWriter.h; sourceTree = "<group>"; };
		F61CD8A4158B08C500D1C597 /* SBJsonStreamWriter.m */ = {isa = PBXFileReference; fileEncoding = 4; lastKnownFileType = sourcecode.c.objc; path = SBJsonStreamWriter.m; sourceTree = "<group>"; };
		F61CD8A5158B08C500D1C597 /* SBJsonStreamWriterAccumulator.h */ = {isa = PBXFileReference; fileEncoding = 4; lastKnownFileType = sourcecode.c.h; path = SBJsonStreamWriterAccumulator.h; sourceTree = "<group>"; };
		F61CD8A6158B08C500D1C597 /* SBJsonStreamWriterAccumulator.m */ = {isa = PBXFileReference; fileEncoding = 4; lastKnownFileType = sourcecode.c.objc; path = SBJsonStreamWriterAccumulator.m; sourceTree = "<group>"; };
		F61CD8A7158B08C500D1C597 /* SBJsonStreamWriterState.h */ = {isa = PBXFileReference; fileEncoding = 4; lastKnownFileType = sourcecode.c.h; path = SBJsonStreamWriterState.h; sourceTree = "<group>"; };
		F61CD8A8158B08C500D1C597 /* SBJsonStreamWriterState.m */ = {isa = PBXFileReference; fileEncoding = 4; lastKnownFileType = sourcecode.c.objc; path = SBJsonStreamWriterState.m; sourceTree = "<group>"; };
		F61CD8A9158B08C500D1C597 /* SBJsonTokeniser.h */ = {isa = PBXFileReference; fileEncoding = 4; lastKnownFileType = sourcecode.c.h; path = SBJsonTokeniser.h; sourceTree = "<group>"; };
		F61CD8AA158B08C500D1C597 /* SBJsonTokeniser.m */ = {isa = PBXFileReference; fileEncoding = 4; lastKnownFileType = sourcecode.c.objc; path = SBJsonTokeniser.m; sourceTree = "<group>"; };
		F61CD8AB158B08C500D1C597 /* SBJsonUTF8Stream.h */ = {isa = PBXFileReference; fileEncoding = 4; lastKnownFileType = sourcecode.c.h; path = SBJsonUTF8Stream.h; sourceTree = "<group>"; };
		F61CD8AC158B08C500D1C597 /* SBJsonUTF8Stream.m */ = {isa = PBXFileReference; fileEncoding = 4; lastKnownFileType = sourcecode.c.objc; path = SBJsonUTF8Stream.m; sourceTree = "<group>"; };
		F61CD8AD158B08C500D1C597 /* SBJsonWriter.h */ = {isa = PBXFileReference; fileEncoding = 4; lastKnownFileType = sourcecode.c.h; path = SBJsonWriter.h; sourceTree = "<group>"; };
		F61CD8AE158B08C500D1C597 /* SBJsonWriter.m */ = {isa = PBXFileReference; fileEncoding = 4; lastKnownFileType = sourcecode.c.objc; path = SBJsonWriter.m; sourceTree = "<group>"; };
		F61CD8C0158B0B7D00D1C597 /* JSONViewController.h */ = {isa = PBXFileReference; fileEncoding = 4; lastKnownFileType = sourcecode.c.h; path = JSONViewController.h; sourceTree = "<group>"; };
		F61CD8C1158B0B7D00D1C597 /* JSONViewController.m */ = {isa = PBXFileReference; fileEncoding = 4; lastKnownFileType = sourcecode.c.objc; path = JSONViewController.m; sourceTree = "<group>"; };
		F61CD8C4158B0D5B00D1C597 /* MBProgressHUD.h */ = {isa = PBXFileReference; fileEncoding = 4; lastKnownFileType = sourcecode.c.h; path = MBProgressHUD.h; sourceTree = "<group>"; };
		F61CD8C5158B0D5B00D1C597 /* MBProgressHUD.m */ = {isa = PBXFileReference; fileEncoding = 4; lastKnownFileType = sourcecode.c.objc; path = MBProgressHUD.m; sourceTree = "<group>"; };
		F645893C158A3D4D00BC79B8 /* MyIOS.app */ = {isa = PBXFileReference; explicitFileType = wrapper.application; includeInIndex = 0; path = MyIOS.app; sourceTree = BUILT_PRODUCTS_DIR; };
		F6458940158A3D4D00BC79B8 /* UIKit.framework */ = {isa = PBXFileReference; lastKnownFileType = wrapper.framework; name = UIKit.framework; path = System/Library/Frameworks/UIKit.framework; sourceTree = SDKROOT; };
		F6458942158A3D4D00BC79B8 /* Foundation.framework */ = {isa = PBXFileReference; lastKnownFileType = wrapper.framework; name = Foundation.framework; path = System/Library/Frameworks/Foundation.framework; sourceTree = SDKROOT; };
		F6458944158A3D4D00BC79B8 /* CoreGraphics.framework */ = {isa = PBXFileReference; lastKnownFileType = wrapper.framework; name = CoreGraphics.framework; path = System/Library/Frameworks/CoreGraphics.framework; sourceTree = SDKROOT; };
		F6458948158A3D4D00BC79B8 /* MyIOS-Info.plist */ = {isa = PBXFileReference; lastKnownFileType = text.plist.xml; path = "MyIOS-Info.plist"; sourceTree = "<group>"; };
		F645894A158A3D4D00BC79B8 /* en */ = {isa = PBXFileReference; lastKnownFileType = text.plist.strings; name = en; path = en.lproj/InfoPlist.strings; sourceTree = "<group>"; };
		F645894C158A3D4D00BC79B8 /* main.m */ = {isa = PBXFileReference; lastKnownFileType = sourcecode.c.objc; path = main.m; sourceTree = "<group>"; };
		F645894E158A3D4D00BC79B8 /* MyIOS-Prefix.pch */ = {isa = PBXFileReference; lastKnownFileType = sourcecode.c.h; path = "MyIOS-Prefix.pch"; sourceTree = "<group>"; };
		F645894F158A3D4D00BC79B8 /* dholerAppDelegate.h */ = {isa = PBXFileReference; lastKnownFileType = sourcecode.c.h; path = dholerAppDelegate.h; sourceTree = "<group>"; };
		F6458950158A3D4D00BC79B8 /* dholerAppDelegate.m */ = {isa = PBXFileReference; lastKnownFileType = sourcecode.c.objc; path = dholerAppDelegate.m; sourceTree = "<group>"; };
		F6458953158A3D4D00BC79B8 /* en */ = {isa = PBXFileReference; lastKnownFileType = file.storyboard; name = en; path = en.lproj/MainStoryboard_iPhone.storyboard; sourceTree = "<group>"; };
		F6458956158A3D4D00BC79B8 /* en */ = {isa = PBXFileReference; lastKnownFileType = file.storyboard; name = en; path = en.lproj/MainStoryboard_iPad.storyboard; sourceTree = "<group>"; };
		F6458958158A3D4D00BC79B8 /* dholerViewController.h */ = {isa = PBXFileReference; lastKnownFileType = sourcecode.c.h; path = dholerViewController.h; sourceTree = "<group>"; };
		F6458959158A3D4D00BC79B8 /* dholerViewController.m */ = {isa = PBXFileReference; lastKnownFileType = sourcecode.c.objc; path = dholerViewController.m; sourceTree = "<group>"; };
		F6623CCD158C179D00AD403A /* KeyboardViewController.h */ = {isa = PBXFileReference; fileEncoding = 4; lastKnownFileType = sourcecode.c.h; path = KeyboardViewController.h; sourceTree = "<group>"; };
		F6623CCE158C179D00AD403A /* KeyboardViewController.m */ = {isa = PBXFileReference; fileEncoding = 4; lastKnownFileType = sourcecode.c.objc; path = KeyboardViewController.m; sourceTree = "<group>"; };
		F6623CD0158C243700AD403A /* KeyboardDelegateViewController.h */ = {isa = PBXFileReference; fileEncoding = 4; lastKnownFileType = sourcecode.c.h; path = KeyboardDelegateViewController.h; sourceTree = "<group>"; };
		F6623CD1158C243700AD403A /* KeyboardDelegateViewController.m */ = {isa = PBXFileReference; fileEncoding = 4; lastKnownFileType = sourcecode.c.objc; path = KeyboardDelegateViewController.m; sourceTree = "<group>"; };
		F6623CD4158C2E2E00AD403A /* AddButtonViewController.h */ = {isa = PBXFileReference; fileEncoding = 4; lastKnownFileType = sourcecode.c.h; path = AddButtonViewController.h; sourceTree = "<group>"; };
		F6623CD5158C2E2E00AD403A /* AddButtonViewController.m */ = {isa = PBXFileReference; fileEncoding = 4; lastKnownFileType = sourcecode.c.objc; path = AddButtonViewController.m; sourceTree = "<group>"; };
		F6623CD8158C3C6500AD403A /* ReadPlistFileViewController.h */ = {isa = PBXFileReference; fileEncoding = 4; lastKnownFileType = sourcecode.c.h; path = ReadPlistFileViewController.h; sourceTree = "<group>"; };
		F6623CD9158C3C6500AD403A /* ReadPlistFileViewController.m */ = {isa = PBXFileReference; fileEncoding = 4; lastKnownFileType = sourcecode.c.objc; path = ReadPlistFileViewController.m; sourceTree = "<group>"; };
		F6623CDB158C3C9900AD403A /* customInfo.plist */ = {isa = PBXFileReference; fileEncoding = 4; lastKnownFileType = text.plist.xml; path = customInfo.plist; sourceTree = "<group>"; };
		F6623CDE158C46CB00AD403A /* UIComponentViewController.h */ = {isa = PBXFileReference; fileEncoding = 4; lastKnownFileType = sourcecode.c.h; path = UIComponentViewController.h; sourceTree = "<group>"; };
		F6623CDF158C46CB00AD403A /* UIComponentViewController.m */ = {isa = PBXFileReference; fileEncoding = 4; lastKnownFileType = sourcecode.c.objc; path = UIComponentViewController.m; sourceTree = "<group>"; };
		F67C82B1158F7F8E000F5ADC /* masks.html */ = {isa = PBXFileReference; fileEncoding = 4; lastKnownFileType = text.html; path = masks.html; sourceTree = "<group>"; };
		F67C82B8158F7F8E000F5ADC /* pics.html */ = {isa = PBXFileReference; fileEncoding = 4; lastKnownFileType = text.html; path = pics.html; sourceTree = "<group>"; };
		F6872019158B21F2008220B5 /* ASIAuthenticationDialog.h */ = {isa = PBXFileReference; fileEncoding = 4; lastKnownFileType = sourcecode.c.h; path = ASIAuthenticationDialog.h; sourceTree = "<group>"; };
		F687201A158B21F2008220B5 /* ASIAuthenticationDialog.m */ = {isa = PBXFileReference; fileEncoding = 4; lastKnownFileType = sourcecode.c.objc; path = ASIAuthenticationDialog.m; sourceTree = "<group>"; };
		F687201B158B21F2008220B5 /* ASICacheDelegate.h */ = {isa = PBXFileReference; fileEncoding = 4; lastKnownFileType = sourcecode.c.h; path = ASICacheDelegate.h; sourceTree = "<group>"; };
		F687201C158B21F2008220B5 /* ASIDataCompressor.h */ = {isa = PBXFileReference; fileEncoding = 4; lastKnownFileType = sourcecode.c.h; path = ASIDataCompressor.h; sourceTree = "<group>"; };
		F687201D158B21F2008220B5 /* ASIDataCompressor.m */ = {isa = PBXFileReference; fileEncoding = 4; lastKnownFileType = sourcecode.c.objc; path = ASIDataCompressor.m; sourceTree = "<group>"; };
		F687201E158B21F2008220B5 /* ASIDataDecompressor.h */ = {isa = PBXFileReference; fileEncoding = 4; lastKnownFileType = sourcecode.c.h; path = ASIDataDecompressor.h; sourceTree = "<group>"; };
		F687201F158B21F2008220B5 /* ASIDataDecompressor.m */ = {isa = PBXFileReference; fileEncoding = 4; lastKnownFileType = sourcecode.c.objc; path = ASIDataDecompressor.m; sourceTree = "<group>"; };
		F6872020158B21F2008220B5 /* ASIDownloadCache.h */ = {isa = PBXFileReference; fileEncoding = 4; lastKnownFileType = sourcecode.c.h; path = ASIDownloadCache.h; sourceTree = "<group>"; };
		F6872021158B21F2008220B5 /* ASIDownloadCache.m */ = {isa = PBXFileReference; fileEncoding = 4; lastKnownFileType = sourcecode.c.objc; path = ASIDownloadCache.m; sourceTree = "<group>"; };
		F6872022158B21F2008220B5 /* ASIFormDataRequest.h */ = {isa = PBXFileReference; fileEncoding = 4; lastKnownFileType = sourcecode.c.h; path = ASIFormDataRequest.h; sourceTree = "<group>"; };
		F6872023158B21F2008220B5 /* ASIFormDataRequest.m */ = {isa = PBXFileReference; fileEncoding = 4; lastKnownFileType = sourcecode.c.objc; path = ASIFormDataRequest.m; sourceTree = "<group>"; };
		F6872024158B21F2008220B5 /* ASIHTTPRequest.h */ = {isa = PBXFileReference; fileEncoding = 4; lastKnownFileType = sourcecode.c.h; path = ASIHTTPRequest.h; sourceTree = "<group>"; };
		F6872025158B21F2008220B5 /* ASIHTTPRequest.m */ = {isa = PBXFileReference; fileEncoding = 4; lastKnownFileType = sourcecode.c.objc; path = ASIHTTPRequest.m; sourceTree = "<group>"; };
		F6872026158B21F2008220B5 /* ASIHTTPRequestConfig.h */ = {isa = PBXFileReference; fileEncoding = 4; lastKnownFileType = sourcecode.c.h; path = ASIHTTPRequestConfig.h; sourceTree = "<group>"; };
		F6872027158B21F2008220B5 /* ASIHTTPRequestDelegate.h */ = {isa = PBXFileReference; fileEncoding = 4; lastKnownFileType = sourcecode.c.h; path = ASIHTTPRequestDelegate.h; sourceTree = "<group>"; };
		F6872028158B21F2008220B5 /* ASIInputStream.h */ = {isa = PBXFileReference; fileEncoding = 4; lastKnownFileType = sourcecode.c.h; path = ASIInputStream.h; sourceTree = "<group>"; };
		F6872029158B21F2008220B5 /* ASIInputStream.m */ = {isa = PBXFileReference; fileEncoding = 4; lastKnownFileType = sourcecode.c.objc; path = ASIInputStream.m; sourceTree = "<group>"; };
		F687202A158B21F2008220B5 /* ASINetworkQueue.h */ = {isa = PBXFileReference; fileEncoding = 4; lastKnownFileType = sourcecode.c.h; path = ASINetworkQueue.h; sourceTree = "<group>"; };
		F687202B158B21F2008220B5 /* ASINetworkQueue.m */ = {isa = PBXFileReference; fileEncoding = 4; lastKnownFileType = sourcecode.c.objc; path = ASINetworkQueue.m; sourceTree = "<group>"; };
		F687202C158B21F2008220B5 /* ASIProgressDelegate.h */ = {isa = PBXFileReference; fileEncoding = 4; lastKnownFileType = sourcecode.c.h; path = ASIProgressDelegate.h; sourceTree = "<group>"; };
		F687202D158B21F2008220B5 /* Reachability.h */ = {isa = PBXFileReference; fileEncoding = 4; lastKnownFileType = sourcecode.c.h; path = Reachability.h; sourceTree = "<group>"; };
		F687202E158B21F2008220B5 /* Reachability.m */ = {isa = PBXFileReference; fileEncoding = 4; lastKnownFileType = sourcecode.c.objc; path = Reachability.m; sourceTree = "<group>"; };
		F6872039158B221F008220B5 /* SystemConfiguration.framework */ = {isa = PBXFileReference; lastKnownFileType = wrapper.framework; name = SystemConfiguration.framework; path = System/Library/Frameworks/SystemConfiguration.framework; sourceTree = SDKROOT; };
		F687203B158B2228008220B5 /* CFNetwork.framework */ = {isa = PBXFileReference; lastKnownFileType = wrapper.framework; name = CFNetwork.framework; path = System/Library/Frameworks/CFNetwork.framework; sourceTree = SDKROOT; };
		F687203D158B222E008220B5 /* MobileCoreServices.framework */ = {isa = PBXFileReference; lastKnownFileType = wrapper.framework; name = MobileCoreServices.framework; path = System/Library/Frameworks/MobileCoreServices.framework; sourceTree = SDKROOT; };
		F687203F158B2234008220B5 /* libz.1.2.5.dylib */ = {isa = PBXFileReference; lastKnownFileType = "compiled.mach-o.dylib"; name = libz.1.2.5.dylib; path = usr/lib/libz.1.2.5.dylib; sourceTree = SDKROOT; };
		F6937964158F23DF00ACCA17 /* WebviewViewController.h */ = {isa = PBXFileReference; fileEncoding = 4; lastKnownFileType = sourcecode.c.h; path = WebviewViewController.h; sourceTree = "<group>"; };
		F6937965158F23DF00ACCA17 /* WebviewViewController.m */ = {isa = PBXFileReference; fileEncoding = 4; lastKnownFileType = sourcecode.c.objc; path = WebviewViewController.m; sourceTree = "<group>"; };
		F6BF99771592BDA300EB458D /* 1Star.png */ = {isa = PBXFileReference; lastKnownFileType = image.png; path = 1Star.png; sourceTree = "<group>"; };
		F6BF99781592BDA300EB458D /* 1Star@2x.png */ = {isa = PBXFileReference; lastKnownFileType = image.png; path = "1Star@2x.png"; sourceTree = "<group>"; };
		F6BF99791592BDA300EB458D /* 1StarSmall.png */ = {isa = PBXFileReference; lastKnownFileType = image.png; path = 1StarSmall.png; sourceTree = "<group>"; };
		F6BF997A1592BDA300EB458D /* 1StarSmall@2x.png */ = {isa = PBXFileReference; lastKnownFileType = image.png; path = "1StarSmall@2x.png"; sourceTree = "<group>"; };
		F6BF997B1592BDA300EB458D /* 2Stars.png */ = {isa = PBXFileReference; lastKnownFileType = image.png; path = 2Stars.png; sourceTree = "<group>"; };
		F6BF997C1592BDA300EB458D /* 2Stars@2x.png */ = {isa = PBXFileReference; lastKnownFileType = image.png; path = "2Stars@2x.png"; sourceTree = "<group>"; };
		F6BF997D1592BDA300EB458D /* 2StarsSmall.png */ = {isa = PBXFileReference; lastKnownFileType = image.png; path = 2StarsSmall.png; sourceTree = "<group>"; };
		F6BF997E1592BDA300EB458D /* 2StarsSmall@2x.png */ = {isa = PBXFileReference; lastKnownFileType = image.png; path = "2StarsSmall@2x.png"; sourceTree = "<group>"; };
		F6BF997F1592BDA300EB458D /* 3Stars.png */ = {isa = PBXFileReference; lastKnownFileType = image.png; path = 3Stars.png; sourceTree = "<group>"; };
		F6BF99801592BDA300EB458D /* 3Stars@2x.png */ = {isa = PBXFileReference; lastKnownFileType = image.png; path = "3Stars@2x.png"; sourceTree = "<group>"; };
		F6BF99811592BDA300EB458D /* 3StarsSmall.png */ = {isa = PBXFileReference; lastKnownFileType = image.png; path = 3StarsSmall.png; sourceTree = "<group>"; };
		F6BF99821592BDA300EB458D /* 3StarsSmall@2x.png */ = {isa = PBXFileReference; lastKnownFileType = image.png; path = "3StarsSmall@2x.png"; sourceTree = "<group>"; };
		F6BF99831592BDA300EB458D /* 4Stars.png */ = {isa = PBXFileReference; lastKnownFileType = image.png; path = 4Stars.png; sourceTree = "<group>"; };
		F6BF99841592BDA300EB458D /* 4Stars@2x.png */ = {isa = PBXFileReference; lastKnownFileType = image.png; path = "4Stars@2x.png"; sourceTree = "<group>"; };
		F6BF99851592BDA300EB458D /* 4StarsSmall.png */ = {isa = PBXFileReference; lastKnownFileType = image.png; path = 4StarsSmall.png; sourceTree = "<group>"; };
		F6BF99861592BDA300EB458D /* 4StarsSmall@2x.png */ = {isa = PBXFileReference; lastKnownFileType = image.png; path = "4StarsSmall@2x.png"; sourceTree = "<group>"; };
		F6BF99871592BDA300EB458D /* 5Stars.png */ = {isa = PBXFileReference; lastKnownFileType = image.png; path = 5Stars.png; sourceTree = "<group>"; };
		F6BF99881592BDA300EB458D /* 5Stars@2x.png */ = {isa = PBXFileReference; lastKnownFileType = image.png; path = "5Stars@2x.png"; sourceTree = "<group>"; };
		F6BF99891592BDA300EB458D /* 5StarsSmall.png */ = {isa = PBXFileReference; lastKnownFileType = image.png; path = 5StarsSmall.png; sourceTree = "<group>"; };
		F6BF998A1592BDA300EB458D /* 5StarsSmall@2x.png */ = {isa = PBXFileReference; lastKnownFileType = image.png; path = "5StarsSmall@2x.png"; sourceTree = "<group>"; };
		F6BF998B1592BDA300EB458D /* Gestures.png */ = {isa = PBXFileReference; lastKnownFileType = image.png; path = Gestures.png; sourceTree = "<group>"; };
		F6BF998C1592BDA300EB458D /* Gestures@2x.png */ = {isa = PBXFileReference; lastKnownFileType = image.png; path = "Gestures@2x.png"; sourceTree = "<group>"; };
		F6BF998D1592BDA300EB458D /* Players.png */ = {isa = PBXFileReference; lastKnownFileType = image.png; path = Players.png; sourceTree = "<group>"; };
		F6BF998E1592BDA300EB458D /* Players@2x.png */ = {isa = PBXFileReference; lastKnownFileType = image.png; path = "Players@2x.png"; sourceTree = "<group>"; };
		F6BF99A91592BFD200EB458D /* PlayersViewController.h */ = {isa = PBXFileReference; fileEncoding = 4; lastKnownFileType = sourcecode.c.h; path = PlayersViewController.h; sourceTree = "<group>"; };
		F6BF99AA1592BFD200EB458D /* PlayersViewController.m */ = {isa = PBXFileReference; fileEncoding = 4; lastKnownFileType = sourcecode.c.objc; path = PlayersViewController.m; sourceTree = "<group>"; };
		F6BF99AC1592C09400EB458D /* Player.h */ = {isa = PBXFileReference; fileEncoding = 4; lastKnownFileType = sourcecode.c.h; path = Player.h; sourceTree = "<group>"; };
		F6BF99AD1592C09400EB458D /* Player.m */ = {isa = PBXFileReference; fileEncoding = 4; lastKnownFileType = sourcecode.c.objc; path = Player.m; sourceTree = "<group>"; };
		F6BF99B31592DFAF00EB458D /* PlayerCell.h */ = {isa = PBXFileReference; fileEncoding = 4; lastKnownFileType = sourcecode.c.h; path = PlayerCell.h; sourceTree = "<group>"; };
		F6BF99B41592DFAF00EB458D /* PlayerCell.m */ = {isa = PBXFileReference; fileEncoding = 4; lastKnownFileType = sourcecode.c.objc; path = PlayerCell.m; sourceTree = "<group>"; };
		F6BF99BA1592F34E00EB458D /* PlayerDetailsViewController.h */ = {isa = PBXFileReference; fileEncoding = 4; lastKnownFileType = sourcecode.c.h; path = PlayerDetailsViewController.h; sourceTree = "<group>"; };
		F6BF99BB1592F34E00EB458D /* PlayerDetailsViewController.m */ = {isa = PBXFileReference; fileEncoding = 4; lastKnownFileType = sourcecode.c.objc; path = PlayerDetailsViewController.m; sourceTree = "<group>"; };
		F6C96F63158D78500039DD23 /* FMDatabase.h */ = {isa = PBXFileReference; fileEncoding = 4; lastKnownFileType = sourcecode.c.h; path = FMDatabase.h; sourceTree = "<group>"; };
		F6C96F64158D78500039DD23 /* FMDatabase.m */ = {isa = PBXFileReference; fileEncoding = 4; lastKnownFileType = sourcecode.c.objc; path = FMDatabase.m; sourceTree = "<group>"; };
		F6C96F65158D78500039DD23 /* FMDatabaseAdditions.h */ = {isa = PBXFileReference; fileEncoding = 4; lastKnownFileType = sourcecode.c.h; path = FMDatabaseAdditions.h; sourceTree = "<group>"; };
		F6C96F66158D78500039DD23 /* FMDatabaseAdditions.m */ = {isa = PBXFileReference; fileEncoding = 4; lastKnownFileType = sourcecode.c.objc; path = FMDatabaseAdditions.m; sourceTree = "<group>"; };
		F6C96F67158D78500039DD23 /* FMDatabasePool.h */ = {isa = PBXFileReference; fileEncoding = 4; lastKnownFileType = sourcecode.c.h; path = FMDatabasePool.h; sourceTree = "<group>"; };
		F6C96F68158D78500039DD23 /* FMDatabasePool.m */ = {isa = PBXFileReference; fileEncoding = 4; lastKnownFileType = sourcecode.c.objc; path = FMDatabasePool.m; sourceTree = "<group>"; };
		F6C96F69158D78500039DD23 /* FMDatabaseQueue.h */ = {isa = PBXFileReference; fileEncoding = 4; lastKnownFileType = sourcecode.c.h; path = FMDatabaseQueue.h; sourceTree = "<group>"; };
		F6C96F6A158D78500039DD23 /* FMDatabaseQueue.m */ = {isa = PBXFileReference; fileEncoding = 4; lastKnownFileType = sourcecode.c.objc; path = FMDatabaseQueue.m; sourceTree = "<group>"; };
		F6C96F6C158D78500039DD23 /* FMResultSet.h */ = {isa = PBXFileReference; fileEncoding = 4; lastKnownFileType = sourcecode.c.h; path = FMResultSet.h; sourceTree = "<group>"; };
		F6C96F6D158D78500039DD23 /* FMResultSet.m */ = {isa = PBXFileReference; fileEncoding = 4; lastKnownFileType = sourcecode.c.objc; path = FMResultSet.m; sourceTree = "<group>"; };
		F6C993E2158CCBC10052DE5F /* PikerDemoViewController.h */ = {isa = PBXFileReference; fileEncoding = 4; lastKnownFileType = sourcecode.c.h; path = PikerDemoViewController.h; sourceTree = "<group>"; };
		F6C993E3158CCBC10052DE5F /* PikerDemoViewController.m */ = {isa = PBXFileReference; fileEncoding = 4; lastKnownFileType = sourcecode.c.objc; path = PikerDemoViewController.m; sourceTree = "<group>"; };
		F6C993EA158CD1D60052DE5F /* ProvinceCityViewController.h */ = {isa = PBXFileReference; fileEncoding = 4; lastKnownFileType = sourcecode.c.h; path = ProvinceCityViewController.h; sourceTree = "<group>"; };
		F6C993EB158CD1D60052DE5F /* ProvinceCityViewController.m */ = {isa = PBXFileReference; fileEncoding = 4; lastKnownFileType = sourcecode.c.objc; path = ProvinceCityViewController.m; sourceTree = "<group>"; };
		F6C993ED158CD1E20052DE5F /* provinceCities.plist */ = {isa = PBXFileReference; fileEncoding = 4; lastKnownFileType = text.plist.xml; path = provinceCities.plist; sourceTree = "<group>"; };
		F6C993F0158CD7040052DE5F /* ViewControllersViewController.h */ = {isa = PBXFileReference; fileEncoding = 4; lastKnownFileType = sourcecode.c.h; path = ViewControllersViewController.h; sourceTree = "<group>"; };
		F6C993F1158CD7040052DE5F /* ViewControllersViewController.m */ = {isa = PBXFileReference; fileEncoding = 4; lastKnownFileType = sourcecode.c.objc; path = ViewControllersViewController.m; sourceTree = "<group>"; };
		F6C993F9158CE67B0052DE5F /* 1.png */ = {isa = PBXFileReference; lastKnownFileType = image.png; path = 1.png; sourceTree = "<group>"; };
		F6C993FA158CE67B0052DE5F /* 10.png */ = {isa = PBXFileReference; lastKnownFileType = image.png; path = 10.png; sourceTree = "<group>"; };
		F6C993FB158CE67B0052DE5F /* 11.png */ = {isa = PBXFileReference; lastKnownFileType = image.png; path = 11.png; sourceTree = "<group>"; };
		F6C993FC158CE67B0052DE5F /* 12.png */ = {isa = PBXFileReference; lastKnownFileType = image.png; path = 12.png; sourceTree = "<group>"; };
		F6C993FD158CE67B0052DE5F /* 13.png */ = {isa = PBXFileReference; lastKnownFileType = image.png; path = 13.png; sourceTree = "<group>"; };
		F6C993FE158CE67B0052DE5F /* 14.png */ = {isa = PBXFileReference; lastKnownFileType = image.png; path = 14.png; sourceTree = "<group>"; };
		F6C993FF158CE67B0052DE5F /* 2.png */ = {isa = PBXFileReference; lastKnownFileType = image.png; path = 2.png; sourceTree = "<group>"; };
		F6C99400158CE67B0052DE5F /* 3.png */ = {isa = PBXFileReference; lastKnownFileType = image.png; path = 3.png; sourceTree = "<group>"; };
		F6C99401158CE67B0052DE5F /* 4.png */ = {isa = PBXFileReference; lastKnownFileType = image.png; path = 4.png; sourceTree = "<group>"; };
		F6C99402158CE67B0052DE5F /* 5.png */ = {isa = PBXFileReference; lastKnownFileType = image.png; path = 5.png; sourceTree = "<group>"; };
		F6C99403158CE67B0052DE5F /* 6.png */ = {isa = PBXFileReference; lastKnownFileType = image.png; path = 6.png; sourceTree = "<group>"; };
		F6C99404158CE67B0052DE5F /* 7.png */ = {isa = PBXFileReference; lastKnownFileType = image.png; path = 7.png; sourceTree = "<group>"; };
		F6C99405158CE67B0052DE5F /* 8.png */ = {isa = PBXFileReference; lastKnownFileType = image.png; path = 8.png; sourceTree = "<group>"; };
		F6C99406158CE67B0052DE5F /* 9.png */ = {isa = PBXFileReference; lastKnownFileType = image.png; path = 9.png; sourceTree = "<group>"; };
		F6C99417158CE7910052DE5F /* CustomCell.h */ = {isa = PBXFileReference; fileEncoding = 4; lastKnownFileType = sourcecode.c.h; path = CustomCell.h; sourceTree = "<group>"; };
		F6C99418158CE7910052DE5F /* CustomCell.m */ = {isa = PBXFileReference; fileEncoding = 4; lastKnownFileType = sourcecode.c.objc; path = CustomCell.m; sourceTree = "<group>"; };
		F6C9941A158CE7D50052DE5F /* CustomCell.xib */ = {isa = PBXFileReference; fileEncoding = 4; lastKnownFileType = file.xib; path = CustomCell.xib; sourceTree = "<group>"; };
		F6C9941C158CEA490052DE5F /* CustomCellViewController.h */ = {isa = PBXFileReference; fileEncoding = 4; lastKnownFileType = sourcecode.c.h; path = CustomCellViewController.h; sourceTree = "<group>"; };
		F6C9941D158CEA4A0052DE5F /* CustomCellViewController.m */ = {isa = PBXFileReference; fileEncoding = 4; lastKnownFileType = sourcecode.c.objc; path = CustomCellViewController.m; sourceTree = "<group>"; };
		F6C9941F158CECAE0052DE5F /* friendsInfo.plist */ = {isa = PBXFileReference; fileEncoding = 4; lastKnownFileType = text.plist.xml; path = friendsInfo.plist; sourceTree = "<group>"; };
		F6C99427158CF2650052DE5F /* DateAndTimeViewController.h */ = {isa = PBXFileReference; fileEncoding = 4; lastKnownFileType = sourcecode.c.h; path = DateAndTimeViewController.h; sourceTree = "<group>"; };
		F6C99428158CF2660052DE5F /* DateAndTimeViewController.m */ = {isa = PBXFileReference; fileEncoding = 4; lastKnownFileType = sourcecode.c.objc; path = DateAndTimeViewController.m; sourceTree = "<group>"; };
		F6CDE3D3158B3B5600D9B60A /* MBProgressHUDViewController.h */ = {isa = PBXFileReference; fileEncoding = 4; lastKnownFileType = sourcecode.c.h; path = MBProgressHUDViewController.h; sourceTree = "<group>"; };
		F6CDE3D4158B3B5600D9B60A /* MBProgressHUDViewController.m */ = {isa = PBXFileReference; fileEncoding = 4; lastKnownFileType = sourcecode.c.objc; path = MBProgressHUDViewController.m; sourceTree = "<group>"; };
/* End PBXFileReference section */

/* Begin PBXFrameworksBuildPhase section */
		F6458939158A3D4D00BC79B8 /* Frameworks */ = {
			isa = PBXFrameworksBuildPhase;
			buildActionMask = 2147483647;
			files = (
				F60BCEB8158B8CC30012E0FA /* libsqlite3.dylib in Frameworks */,
				F6872040158B2234008220B5 /* libz.1.2.5.dylib in Frameworks */,
				F687203E158B222E008220B5 /* MobileCoreServices.framework in Frameworks */,
				F687203C158B2228008220B5 /* CFNetwork.framework in Frameworks */,
				F687203A158B221F008220B5 /* SystemConfiguration.framework in Frameworks */,
				F6458941158A3D4D00BC79B8 /* UIKit.framework in Frameworks */,
				F6458943158A3D4D00BC79B8 /* Foundation.framework in Frameworks */,
				F6458945158A3D4D00BC79B8 /* CoreGraphics.framework in Frameworks */,
			);
			runOnlyForDeploymentPostprocessing = 0;
		};
/* End PBXFrameworksBuildPhase section */

/* Begin PBXGroup section */
		F60BCEB3158B88420012E0FA /* Sqlite3 */ = {
			isa = PBXGroup;
			children = (
				F60BCEB4158B8A170012E0FA /* Sqlite3ViewController.h */,
				F60BCEB5158B8A170012E0FA /* Sqlite3ViewController.m */,
				F60C6AE8158F8A2C009D5146 /* FMDBViewController.h */,
				F60C6AE9158F8A2C009D5146 /* FMDBViewController.m */,
			);
			name = Sqlite3;
			sourceTree = "<group>";
		};
		F61CD895158B08C500D1C597 /* JSON */ = {
			isa = PBXGroup;
			children = (
				F61CD896158B08C500D1C597 /* NSObject+SBJson.h */,
				F61CD897158B08C500D1C597 /* NSObject+SBJson.m */,
				F61CD898158B08C500D1C597 /* SBJson.h */,
				F61CD899158B08C500D1C597 /* SBJsonParser.h */,
				F61CD89A158B08C500D1C597 /* SBJsonParser.m */,
				F61CD89B158B08C500D1C597 /* SBJsonStreamParser.h */,
				F61CD89C158B08C500D1C597 /* SBJsonStreamParser.m */,
				F61CD89D158B08C500D1C597 /* SBJsonStreamParserAccumulator.h */,
				F61CD89E158B08C500D1C597 /* SBJsonStreamParserAccumulator.m */,
				F61CD89F158B08C500D1C597 /* SBJsonStreamParserAdapter.h */,
				F61CD8A0158B08C500D1C597 /* SBJsonStreamParserAdapter.m */,
				F61CD8A1158B08C500D1C597 /* SBJsonStreamParserState.h */,
				F61CD8A2158B08C500D1C597 /* SBJsonStreamParserState.m */,
				F61CD8A3158B08C500D1C597 /* SBJsonStreamWriter.h */,
				F61CD8A4158B08C500D1C597 /* SBJsonStreamWriter.m */,
				F61CD8A5158B08C500D1C597 /* SBJsonStreamWriterAccumulator.h */,
				F61CD8A6158B08C500D1C597 /* SBJsonStreamWriterAccumulator.m */,
				F61CD8A7158B08C500D1C597 /* SBJsonStreamWriterState.h */,
				F61CD8A8158B08C500D1C597 /* SBJsonStreamWriterState.m */,
				F61CD8A9158B08C500D1C597 /* SBJsonTokeniser.h */,
				F61CD8AA158B08C500D1C597 /* SBJsonTokeniser.m */,
				F61CD8AB158B08C500D1C597 /* SBJsonUTF8Stream.h */,
				F61CD8AC158B08C500D1C597 /* SBJsonUTF8Stream.m */,
				F61CD8AD158B08C500D1C597 /* SBJsonWriter.h */,
				F61CD8AE158B08C500D1C597 /* SBJsonWriter.m */,
			);
			path = JSON;
			sourceTree = "<group>";
		};
		F61CD8BC158B0AC300D1C597 /* resources */ = {
			isa = PBXGroup;
			children = (
				F6BF99761592BDA300EB458D /* Images_tab */,
				F6458952158A3D4D00BC79B8 /* MainStoryboard_iPhone.storyboard */,
				F6458955158A3D4D00BC79B8 /* MainStoryboard_iPad.storyboard */,
			);
			name = resources;
			sourceTree = "<group>";
		};
		F61CD8BD158B0AD800D1C597 /* classes */ = {
			isa = PBXGroup;
			children = (
				F6BF99A81592BE8500EB458D /* TabbarView */,
				F6937962158F23BE00ACCA17 /* Webview */,
				F6C993EF158CD6DF0052DE5F /* ViewControllers */,
				F6623CDD158C469D00AD403A /* UIComponent */,
				F6623CD7158C3C3600AD403A /* PlistFile */,
				F6623CD3158C2E1300AD403A /* addButton */,
				F6623CCB158C175E00AD403A /* Keyboard */,
				F60BCEB3158B88420012E0FA /* Sqlite3 */,
				F6CDE3CF158B386D00D9B60A /* MBProgressHUD */,
				F61CD8BF158B0B3700D1C597 /* WebService */,
				F61CD8BE158B0B0100D1C597 /* controllers */,
				F645894F158A3D4D00BC79B8 /* dholerAppDelegate.h */,
				F6458950158A3D4D00BC79B8 /* dholerAppDelegate.m */,
			);
			name = classes;
			sourceTree = "<group>";
		};
		F61CD8BE158B0B0100D1C597 /* controllers */ = {
			isa = PBXGroup;
			children = (
				F6458958158A3D4D00BC79B8 /* dholerViewController.h */,
				F6458959158A3D4D00BC79B8 /* dholerViewController.m */,
			);
			name = controllers;
			sourceTree = "<group>";
		};
		F61CD8BF158B0B3700D1C597 /* WebService */ = {
			isa = PBXGroup;
			children = (
				F61CD8C0158B0B7D00D1C597 /* JSONViewController.h */,
				F61CD8C1158B0B7D00D1C597 /* JSONViewController.m */,
			);
			name = WebService;
			sourceTree = "<group>";
		};
		F61CD8C3158B0D5B00D1C597 /* MBProgressHUD */ = {
			isa = PBXGroup;
			children = (
				F61CD8C4158B0D5B00D1C597 /* MBProgressHUD.h */,
				F61CD8C5158B0D5B00D1C597 /* MBProgressHUD.m */,
			);
			path = MBProgressHUD;
			sourceTree = "<group>";
		};
		F61CD8C7158B0D6100D1C597 /* Lib */ = {
			isa = PBXGroup;
			children = (
				F6C96F62158D78500039DD23 /* FMDB */,
				F6872018158B21F2008220B5 /* ASIHTTPRequest */,
				F61CD8C3158B0D5B00D1C597 /* MBProgressHUD */,
				F61CD895158B08C500D1C597 /* JSON */,
			);
			name = Lib;
			sourceTree = "<group>";
		};
		F6458931158A3D4D00BC79B8 = {
			isa = PBXGroup;
			children = (
				F61CD8C7158B0D6100D1C597 /* Lib */,
				F6458946158A3D4D00BC79B8 /* MyIOS */,
				F645893F158A3D4D00BC79B8 /* Frameworks */,
				F645893D158A3D4D00BC79B8 /* Products */,
			);
			sourceTree = "<group>";
		};
		F645893D158A3D4D00BC79B8 /* Products */ = {
			isa = PBXGroup;
			children = (
				F645893C158A3D4D00BC79B8 /* MyIOS.app */,
			);
			name = Products;
			sourceTree = "<group>";
		};
		F645893F158A3D4D00BC79B8 /* Frameworks */ = {
			isa = PBXGroup;
			children = (
				F60BCEB7158B8CC30012E0FA /* libsqlite3.dylib */,
				F6458940158A3D4D00BC79B8 /* UIKit.framework */,
				F6458942158A3D4D00BC79B8 /* Foundation.framework */,
				F6458944158A3D4D00BC79B8 /* CoreGraphics.framework */,
			);
			name = Frameworks;
			sourceTree = "<group>";
		};
		F6458946158A3D4D00BC79B8 /* MyIOS */ = {
			isa = PBXGroup;
			children = (
				F61CD8BD158B0AD800D1C597 /* classes */,
				F61CD8BC158B0AC300D1C597 /* resources */,
				F6458947158A3D4D00BC79B8 /* Supporting Files */,
			);
			path = MyIOS;
			sourceTree = "<group>";
		};
		F6458947158A3D4D00BC79B8 /* Supporting Files */ = {
			isa = PBXGroup;
			children = (
				F6458948158A3D4D00BC79B8 /* MyIOS-Info.plist */,
				F6458949158A3D4D00BC79B8 /* InfoPlist.strings */,
				F645894C158A3D4D00BC79B8 /* main.m */,
				F645894E158A3D4D00BC79B8 /* MyIOS-Prefix.pch */,
			);
			name = "Supporting Files";
			sourceTree = "<group>";
		};
		F6623CCB158C175E00AD403A /* Keyboard */ = {
			isa = PBXGroup;
			children = (
				F6623CCD158C179D00AD403A /* KeyboardViewController.h */,
				F6623CCE158C179D00AD403A /* KeyboardViewController.m */,
				F6623CD0158C243700AD403A /* KeyboardDelegateViewController.h */,
				F6623CD1158C243700AD403A /* KeyboardDelegateViewController.m */,
			);
			name = Keyboard;
			sourceTree = "<group>";
		};
		F6623CD3158C2E1300AD403A /* addButton */ = {
			isa = PBXGroup;
			children = (
				F6623CD4158C2E2E00AD403A /* AddButtonViewController.h */,
				F6623CD5158C2E2E00AD403A /* AddButtonViewController.m */,
			);
			name = addButton;
			sourceTree = "<group>";
		};
		F6623CD7158C3C3600AD403A /* PlistFile */ = {
			isa = PBXGroup;
			children = (
				F6623CD8158C3C6500AD403A /* ReadPlistFileViewController.h */,
				F6623CD9158C3C6500AD403A /* ReadPlistFileViewController.m */,
				F6623CDB158C3C9900AD403A /* customInfo.plist */,
			);
			name = PlistFile;
			sourceTree = "<group>";
		};
		F6623CDD158C469D00AD403A /* UIComponent */ = {
			isa = PBXGroup;
			children = (
				F6C993ED158CD1E20052DE5F /* provinceCities.plist */,
				F6623CDE158C46CB00AD403A /* UIComponentViewController.h */,
				F6623CDF158C46CB00AD403A /* UIComponentViewController.m */,
				F6C993E2158CCBC10052DE5F /* PikerDemoViewController.h */,
				F6C993E3158CCBC10052DE5F /* PikerDemoViewController.m */,
				F6C993EA158CD1D60052DE5F /* ProvinceCityViewController.h */,
				F6C993EB158CD1D60052DE5F /* ProvinceCityViewController.m */,
			);
			name = UIComponent;
			sourceTree = "<group>";
		};
		F67C82AA158F7F8E000F5ADC /* html */ = {
			isa = PBXGroup;
			children = (
				F67C82B1158F7F8E000F5ADC /* masks.html */,
				F67C82B8158F7F8E000F5ADC /* pics.html */,
			);
			path = html;
			sourceTree = "<group>";
		};
		F6872018158B21F2008220B5 /* ASIHTTPRequest */ = {
			isa = PBXGroup;
			children = (
				F6872038158B220A008220B5 /* Frameworks */,
				F6872019158B21F2008220B5 /* ASIAuthenticationDialog.h */,
				F687201A158B21F2008220B5 /* ASIAuthenticationDialog.m */,
				F687201B158B21F2008220B5 /* ASICacheDelegate.h */,
				F687201C158B21F2008220B5 /* ASIDataCompressor.h */,
				F687201D158B21F2008220B5 /* ASIDataCompressor.m */,
				F687201E158B21F2008220B5 /* ASIDataDecompressor.h */,
				F687201F158B21F2008220B5 /* ASIDataDecompressor.m */,
				F6872020158B21F2008220B5 /* ASIDownloadCache.h */,
				F6872021158B21F2008220B5 /* ASIDownloadCache.m */,
				F6872022158B21F2008220B5 /* ASIFormDataRequest.h */,
				F6872023158B21F2008220B5 /* ASIFormDataRequest.m */,
				F6872024158B21F2008220B5 /* ASIHTTPRequest.h */,
				F6872025158B21F2008220B5 /* ASIHTTPRequest.m */,
				F6872026158B21F2008220B5 /* ASIHTTPRequestConfig.h */,
				F6872027158B21F2008220B5 /* ASIHTTPRequestDelegate.h */,
				F6872028158B21F2008220B5 /* ASIInputStream.h */,
				F6872029158B21F2008220B5 /* ASIInputStream.m */,
				F687202A158B21F2008220B5 /* ASINetworkQueue.h */,
				F687202B158B21F2008220B5 /* ASINetworkQueue.m */,
				F687202C158B21F2008220B5 /* ASIProgressDelegate.h */,
				F687202D158B21F2008220B5 /* Reachability.h */,
				F687202E158B21F2008220B5 /* Reachability.m */,
			);
			path = ASIHTTPRequest;
			sourceTree = "<group>";
		};
		F6872038158B220A008220B5 /* Frameworks */ = {
			isa = PBXGroup;
			children = (
				F687203F158B2234008220B5 /* libz.1.2.5.dylib */,
				F687203D158B222E008220B5 /* MobileCoreServices.framework */,
				F687203B158B2228008220B5 /* CFNetwork.framework */,
				F6872039158B221F008220B5 /* SystemConfiguration.framework */,
			);
			name = Frameworks;
			sourceTree = "<group>";
		};
		F6937962158F23BE00ACCA17 /* Webview */ = {
			isa = PBXGroup;
			children = (
				F67C82AA158F7F8E000F5ADC /* html */,
				F6937964158F23DF00ACCA17 /* WebviewViewController.h */,
				F6937965158F23DF00ACCA17 /* WebviewViewController.m */,
			);
			name = Webview;
			sourceTree = "<group>";
		};
		F6BF99761592BDA300EB458D /* Images_tab */ = {
			isa = PBXGroup;
			children = (
				F6BF99771592BDA300EB458D /* 1Star.png */,
				F6BF99781592BDA300EB458D /* 1Star@2x.png */,
				F6BF99791592BDA300EB458D /* 1StarSmall.png */,
				F6BF997A1592BDA300EB458D /* 1StarSmall@2x.png */,
				F6BF997B1592BDA300EB458D /* 2Stars.png */,
				F6BF997C1592BDA300EB458D /* 2Stars@2x.png */,
				F6BF997D1592BDA300EB458D /* 2StarsSmall.png */,
				F6BF997E1592BDA300EB458D /* 2StarsSmall@2x.png */,
				F6BF997F1592BDA300EB458D /* 3Stars.png */,
				F6BF99801592BDA300EB458D /* 3Stars@2x.png */,
				F6BF99811592BDA300EB458D /* 3StarsSmall.png */,
				F6BF99821592BDA300EB458D /* 3StarsSmall@2x.png */,
				F6BF99831592BDA300EB458D /* 4Stars.png */,
				F6BF99841592BDA300EB458D /* 4Stars@2x.png */,
				F6BF99851592BDA300EB458D /* 4StarsSmall.png */,
				F6BF99861592BDA300EB458D /* 4StarsSmall@2x.png */,
				F6BF99871592BDA300EB458D /* 5Stars.png */,
				F6BF99881592BDA300EB458D /* 5Stars@2x.png */,
				F6BF99891592BDA300EB458D /* 5StarsSmall.png */,
				F6BF998A1592BDA300EB458D /* 5StarsSmall@2x.png */,
				F6BF998B1592BDA300EB458D /* Gestures.png */,
				F6BF998C1592BDA300EB458D /* Gestures@2x.png */,
				F6BF998D1592BDA300EB458D /* Players.png */,
				F6BF998E1592BDA300EB458D /* Players@2x.png */,
			);
			path = Images_tab;
			sourceTree = "<group>";
		};
		F6BF99A81592BE8500EB458D /* TabbarView */ = {
			isa = PBXGroup;
			children = (
				F6BF99A91592BFD200EB458D /* PlayersViewController.h */,
				F6BF99AA1592BFD200EB458D /* PlayersViewController.m */,
				F6BF99AC1592C09400EB458D /* Player.h */,
				F6BF99AD1592C09400EB458D /* Player.m */,
				F6BF99B31592DFAF00EB458D /* PlayerCell.h */,
				F6BF99B41592DFAF00EB458D /* PlayerCell.m */,
				F6BF99BA1592F34E00EB458D /* PlayerDetailsViewController.h */,
				F6BF99BB1592F34E00EB458D /* PlayerDetailsViewController.m */,
			);
			name = TabbarView;
			sourceTree = "<group>";
		};
		F6C96F62158D78500039DD23 /* FMDB */ = {
			isa = PBXGroup;
			children = (
				F6C96F63158D78500039DD23 /* FMDatabase.h */,
				F6C96F64158D78500039DD23 /* FMDatabase.m */,
				F6C96F65158D78500039DD23 /* FMDatabaseAdditions.h */,
				F6C96F66158D78500039DD23 /* FMDatabaseAdditions.m */,
				F6C96F67158D78500039DD23 /* FMDatabasePool.h */,
				F6C96F68158D78500039DD23 /* FMDatabasePool.m */,
				F6C96F69158D78500039DD23 /* FMDatabaseQueue.h */,
				F6C96F6A158D78500039DD23 /* FMDatabaseQueue.m */,
				F6C96F6C158D78500039DD23 /* FMResultSet.h */,
				F6C96F6D158D78500039DD23 /* FMResultSet.m */,
			);
			path = FMDB;
			sourceTree = "<group>";
		};
		F6C993EF158CD6DF0052DE5F /* ViewControllers */ = {
			isa = PBXGroup;
			children = (
				F6C9941F158CECAE0052DE5F /* friendsInfo.plist */,
				F6C993F8158CE67B0052DE5F /* Images */,
				F6C993F3158CDE1F0052DE5F /* icons */,
				F6C993F0158CD7040052DE5F /* ViewControllersViewController.h */,
				F6C993F1158CD7040052DE5F /* ViewControllersViewController.m */,
				F6C99417158CE7910052DE5F /* CustomCell.h */,
				F6C99418158CE7910052DE5F /* CustomCell.m */,
				F6C9941A158CE7D50052DE5F /* CustomCell.xib */,
				F6C9941C158CEA490052DE5F /* CustomCellViewController.h */,
				F6C9941D158CEA4A0052DE5F /* CustomCellViewController.m */,
				F6C99427158CF2650052DE5F /* DateAndTimeViewController.h */,
				F6C99428158CF2660052DE5F /* DateAndTimeViewController.m */,
			);
			name = ViewControllers;
			sourceTree = "<group>";
		};
		F6C993F3158CDE1F0052DE5F /* icons */ = {
			isa = PBXGroup;
			children = (
			);
			name = icons;
			sourceTree = "<group>";
		};
		F6C993F8158CE67B0052DE5F /* Images */ = {
			isa = PBXGroup;
			children = (
				F6C993F9158CE67B0052DE5F /* 1.png */,
				F6C993FA158CE67B0052DE5F /* 10.png */,
				F6C993FB158CE67B0052DE5F /* 11.png */,
				F6C993FC158CE67B0052DE5F /* 12.png */,
				F6C993FD158CE67B0052DE5F /* 13.png */,
				F6C993FE158CE67B0052DE5F /* 14.png */,
				F6C993FF158CE67B0052DE5F /* 2.png */,
				F6C99400158CE67B0052DE5F /* 3.png */,
				F6C99401158CE67B0052DE5F /* 4.png */,
				F6C99402158CE67B0052DE5F /* 5.png */,
				F6C99403158CE67B0052DE5F /* 6.png */,
				F6C99404158CE67B0052DE5F /* 7.png */,
				F6C99405158CE67B0052DE5F /* 8.png */,
				F6C99406158CE67B0052DE5F /* 9.png */,
			);
			path = Images;
			sourceTree = "<group>";
		};
		F6CDE3CF158B386D00D9B60A /* MBProgressHUD */ = {
			isa = PBXGroup;
			children = (
				F6CDE3D3158B3B5600D9B60A /* MBProgressHUDViewController.h */,
				F6CDE3D4158B3B5600D9B60A /* MBProgressHUDViewController.m */,
			);
			name = MBProgressHUD;
			sourceTree = "<group>";
		};
/* End PBXGroup section */

/* Begin PBXNativeTarget section */
		F645893B158A3D4D00BC79B8 /* MyIOS */ = {
			isa = PBXNativeTarget;
			buildConfigurationList = F645895D158A3D4D00BC79B8 /* Build configuration list for PBXNativeTarget "MyIOS" */;
			buildPhases = (
				F6458938158A3D4D00BC79B8 /* Sources */,
				F6458939158A3D4D00BC79B8 /* Frameworks */,
				F645893A158A3D4D00BC79B8 /* Resources */,
			);
			buildRules = (
			);
			dependencies = (
			);
			name = MyIOS;
			productName = MyIOS;
			productReference = F645893C158A3D4D00BC79B8 /* MyIOS.app */;
			productType = "com.apple.product-type.application";
		};
/* End PBXNativeTarget section */

/* Begin PBXProject section */
		F6458933158A3D4D00BC79B8 /* Project object */ = {
			isa = PBXProject;
			attributes = {
				CLASSPREFIX = dholer;
				LastUpgradeCheck = 0430;
			};
			buildConfigurationList = F6458936158A3D4D00BC79B8 /* Build configuration list for PBXProject "MyIOS" */;
			compatibilityVersion = "Xcode 3.2";
			developmentRegion = English;
			hasScannedForEncodings = 0;
			knownRegions = (
				en,
			);
			mainGroup = F6458931158A3D4D00BC79B8;
			productRefGroup = F645893D158A3D4D00BC79B8 /* Products */;
			projectDirPath = "";
			projectRoot = "";
			targets = (
				F645893B158A3D4D00BC79B8 /* MyIOS */,
			);
		};
/* End PBXProject section */

/* Begin PBXResourcesBuildPhase section */
		F645893A158A3D4D00BC79B8 /* Resources */ = {
			isa = PBXResourcesBuildPhase;
			buildActionMask = 2147483647;
			files = (
				F645894B158A3D4D00BC79B8 /* InfoPlist.strings in Resources */,
				F6458954158A3D4D00BC79B8 /* MainStoryboard_iPhone.storyboard in Resources */,
				F6458957158A3D4D00BC79B8 /* MainStoryboard_iPad.storyboard in Resources */,
				F6623CDC158C3C9900AD403A /* customInfo.plist in Resources */,
				F6C993EE158CD1E20052DE5F /* provinceCities.plist in Resources */,
				F6C99407158CE67B0052DE5F /* 1.png in Resources */,
				F6C99408158CE67B0052DE5F /* 10.png in Resources */,
				F6C99409158CE67B0052DE5F /* 11.png in Resources */,
				F6C9940A158CE67B0052DE5F /* 12.png in Resources */,
				F6C9940B158CE67B0052DE5F /* 13.png in Resources */,
				F6C9940C158CE67B0052DE5F /* 14.png in Resources */,
				F6C9940D158CE67B0052DE5F /* 2.png in Resources */,
				F6C9940E158CE67B0052DE5F /* 3.png in Resources */,
				F6C9940F158CE67B0052DE5F /* 4.png in Resources */,
				F6C99410158CE67B0052DE5F /* 5.png in Resources */,
				F6C99411158CE67B0052DE5F /* 6.png in Resources */,
				F6C99412158CE67B0052DE5F /* 7.png in Resources */,
				F6C99413158CE67B0052DE5F /* 8.png in Resources */,
				F6C99414158CE67B0052DE5F /* 9.png in Resources */,
				F6C9941B158CE7D50052DE5F /* CustomCell.xib in Resources */,
				F6C99420158CECAE0052DE5F /* friendsInfo.plist in Resources */,
				F67C82BF158F7F8E000F5ADC /* masks.html in Resources */,
				F67C82C6158F7F8E000F5ADC /* pics.html in Resources */,
				F6BF998F1592BDA300EB458D /* 1Star.png in Resources */,
				F6BF99901592BDA300EB458D /* 1Star@2x.png in Resources */,
				F6BF99911592BDA300EB458D /* 1StarSmall.png in Resources */,
				F6BF99921592BDA300EB458D /* 1StarSmall@2x.png in Resources */,
				F6BF99931592BDA300EB458D /* 2Stars.png in Resources */,
				F6BF99941592BDA300EB458D /* 2Stars@2x.png in Resources */,
				F6BF99951592BDA300EB458D /* 2StarsSmall.png in Resources */,
				F6BF99961592BDA300EB458D /* 2StarsSmall@2x.png in Resources */,
				F6BF99971592BDA300EB458D /* 3Stars.png in Resources */,
				F6BF99981592BDA300EB458D /* 3Stars@2x.png in Resources */,
				F6BF99991592BDA300EB458D /* 3StarsSmall.png in Resources */,
				F6BF999A1592BDA300EB458D /* 3StarsSmall@2x.png in Resources */,
				F6BF999B1592BDA300EB458D /* 4Stars.png in Resources */,
				F6BF999C1592BDA300EB458D /* 4Stars@2x.png in Resources */,
				F6BF999D1592BDA300EB458D /* 4StarsSmall.png in Resources */,
				F6BF999E1592BDA300EB458D /* 4StarsSmall@2x.png in Resources */,
				F6BF999F1592BDA300EB458D /* 5Stars.png in Resources */,
				F6BF99A01592BDA300EB458D /* 5Stars@2x.png in Resources */,
				F6BF99A11592BDA300EB458D /* 5StarsSmall.png in Resources */,
				F6BF99A21592BDA300EB458D /* 5StarsSmall@2x.png in Resources */,
				F6BF99A31592BDA300EB458D /* Gestures.png in Resources */,
				F6BF99A41592BDA300EB458D /* Gestures@2x.png in Resources */,
				F6BF99A51592BDA300EB458D /* Players.png in Resources */,
				F6BF99A61592BDA300EB458D /* Players@2x.png in Resources */,
			);
			runOnlyForDeploymentPostprocessing = 0;
		};
/* End PBXResourcesBuildPhase section */

/* Begin PBXSourcesBuildPhase section */
		F6458938158A3D4D00BC79B8 /* Sources */ = {
			isa = PBXSourcesBuildPhase;
			buildActionMask = 2147483647;
			files = (
				F645894D158A3D4D00BC79B8 /* main.m in Sources */,
				F6458951158A3D4D00BC79B8 /* dholerAppDelegate.m in Sources */,
				F645895A158A3D4D00BC79B8 /* dholerViewController.m in Sources */,
				F61CD8AF158B08C500D1C597 /* NSObject+SBJson.m in Sources */,
				F61CD8B0158B08C500D1C597 /* SBJsonParser.m in Sources */,
				F61CD8B1158B08C500D1C597 /* SBJsonStreamParser.m in Sources */,
				F61CD8B2158B08C500D1C597 /* SBJsonStreamParserAccumulator.m in Sources */,
				F61CD8B3158B08C500D1C597 /* SBJsonStreamParserAdapter.m in Sources */,
				F61CD8B4158B08C500D1C597 /* SBJsonStreamParserState.m in Sources */,
				F61CD8B5158B08C500D1C597 /* SBJsonStreamWriter.m in Sources */,
				F61CD8B6158B08C500D1C597 /* SBJsonStreamWriterAccumulator.m in Sources */,
				F61CD8B7158B08C500D1C597 /* SBJsonStreamWriterState.m in Sources */,
				F61CD8B8158B08C500D1C597 /* SBJsonTokeniser.m in Sources */,
				F61CD8B9158B08C500D1C597 /* SBJsonUTF8Stream.m in Sources */,
				F61CD8BA158B08C500D1C597 /* SBJsonWriter.m in Sources */,
				F61CD8C2158B0B7D00D1C597 /* JSONViewController.m in Sources */,
				F61CD8C6158B0D5B00D1C597 /* MBProgressHUD.m in Sources */,
				F687202F158B21F2008220B5 /* ASIAuthenticationDialog.m in Sources */,
				F6872030158B21F2008220B5 /* ASIDataCompressor.m in Sources */,
				F6872031158B21F2008220B5 /* ASIDataDecompressor.m in Sources */,
				F6872032158B21F2008220B5 /* ASIDownloadCache.m in Sources */,
				F6872033158B21F2008220B5 /* ASIFormDataRequest.m in Sources */,
				F6872034158B21F2008220B5 /* ASIHTTPRequest.m in Sources */,
				F6872035158B21F2008220B5 /* ASIInputStream.m in Sources */,
				F6872036158B21F2008220B5 /* ASINetworkQueue.m in Sources */,
				F6872037158B21F2008220B5 /* Reachability.m in Sources */,
				F6CDE3D5158B3B5600D9B60A /* MBProgressHUDViewController.m in Sources */,
				F60BCEB6158B8A170012E0FA /* Sqlite3ViewController.m in Sources */,
				F6623CCF158C179D00AD403A /* KeyboardViewController.m in Sources */,
				F6623CD2158C243700AD403A /* KeyboardDelegateViewController.m in Sources */,
				F6623CD6158C2E2E00AD403A /* AddButtonViewController.m in Sources */,
				F6623CDA158C3C6500AD403A /* ReadPlistFileViewController.m in Sources */,
				F6623CE0158C46CB00AD403A /* UIComponentViewController.m in Sources */,
				F6C993E4158CCBC10052DE5F /* PikerDemoViewController.m in Sources */,
				F6C993EC158CD1D60052DE5F /* ProvinceCityViewController.m in Sources */,
				F6C993F2158CD7040052DE5F /* ViewControllersViewController.m in Sources */,
				F6C99419158CE7920052DE5F /* CustomCell.m in Sources */,
				F6C9941E158CEA4A0052DE5F /* CustomCellViewController.m in Sources */,
				F6C99429158CF2660052DE5F /* DateAndTimeViewController.m in Sources */,
				F6C96F6E158D78500039DD23 /* FMDatabase.m in Sources */,
				F6C96F6F158D78500039DD23 /* FMDatabaseAdditions.m in Sources */,
				F6C96F70158D78500039DD23 /* FMDatabasePool.m in Sources */,
				F6C96F71158D78500039DD23 /* FMDatabaseQueue.m in Sources */,
				F6C96F73158D78500039DD23 /* FMResultSet.m in Sources */,
				F6937966158F23DF00ACCA17 /* WebviewViewController.m in Sources */,
				F60C6AEA158F8A2C009D5146 /* FMDBViewController.m in Sources */,
				F6BF99AB1592BFD200EB458D /* PlayersViewController.m in Sources */,
				F6BF99AE1592C09400EB458D /* Player.m in Sources */,
				F6BF99B51592DFB000EB458D /* PlayerCell.m in Sources */,
				F6BF99BC1592F34E00EB458D /* PlayerDetailsViewController.m in Sources */,
			);
			runOnlyForDeploymentPostprocessing = 0;
		};
/* End PBXSourcesBuildPhase section */

/* Begin PBXVariantGroup section */
		F6458949158A3D4D00BC79B8 /* InfoPlist.strings */ = {
			isa = PBXVariantGroup;
			children = (
				F645894A158A3D4D00BC79B8 /* en */,
			);
			name = InfoPlist.strings;
			sourceTree = "<group>";
		};
		F6458952158A3D4D00BC79B8 /* MainStoryboard_iPhone.storyboard */ = {
			isa = PBXVariantGroup;
			children = (
				F6458953158A3D4D00BC79B8 /* en */,
			);
			name = MainStoryboard_iPhone.storyboard;
			sourceTree = "<group>";
		};
		F6458955158A3D4D00BC79B8 /* MainStoryboard_iPad.storyboard */ = {
			isa = PBXVariantGroup;
			children = (
				F6458956158A3D4D00BC79B8 /* en */,
			);
			name = MainStoryboard_iPad.storyboard;
			sourceTree = "<group>";
		};
/* End PBXVariantGroup section */

/* Begin XCBuildConfiguration section */
		F645895B158A3D4D00BC79B8 /* Debug */ = {
			isa = XCBuildConfiguration;
			buildSettings = {
				ALWAYS_SEARCH_USER_PATHS = NO;
				ARCHS = "$(ARCHS_STANDARD_32_BIT)";
				CLANG_ENABLE_OBJC_ARC = YES;
				"CODE_SIGN_IDENTITY[sdk=iphoneos*]" = "iPhone Developer";
				COPY_PHASE_STRIP = NO;
				GCC_C_LANGUAGE_STANDARD = gnu99;
				GCC_DYNAMIC_NO_PIC = NO;
				GCC_OPTIMIZATION_LEVEL = 0;
				GCC_PREPROCESSOR_DEFINITIONS = (
					"DEBUG=1",
					"$(inherited)",
				);
				GCC_SYMBOLS_PRIVATE_EXTERN = NO;
				GCC_VERSION = com.apple.compilers.llvm.clang.1_0;
				GCC_WARN_ABOUT_RETURN_TYPE = YES;
				GCC_WARN_UNINITIALIZED_AUTOS = YES;
				GCC_WARN_UNUSED_VARIABLE = YES;
				IPHONEOS_DEPLOYMENT_TARGET = 5.1;
				SDKROOT = iphoneos;
				TARGETED_DEVICE_FAMILY = "1,2";
			};
			name = Debug;
		};
		F645895C158A3D4D00BC79B8 /* Release */ = {
			isa = XCBuildConfiguration;
			buildSettings = {
				ALWAYS_SEARCH_USER_PATHS = NO;
				ARCHS = "$(ARCHS_STANDARD_32_BIT)";
				CLANG_ENABLE_OBJC_ARC = YES;
				"CODE_SIGN_IDENTITY[sdk=iphoneos*]" = "iPhone Developer";
				COPY_PHASE_STRIP = YES;
				GCC_C_LANGUAGE_STANDARD = gnu99;
				GCC_VERSION = com.apple.compilers.llvm.clang.1_0;
				GCC_WARN_ABOUT_RETURN_TYPE = YES;
				GCC_WARN_UNINITIALIZED_AUTOS = YES;
				GCC_WARN_UNUSED_VARIABLE = YES;
				IPHONEOS_DEPLOYMENT_TARGET = 5.1;
				OTHER_CFLAGS = "-DNS_BLOCK_ASSERTIONS=1";
				SDKROOT = iphoneos;
				TARGETED_DEVICE_FAMILY = "1,2";
				VALIDATE_PRODUCT = YES;
			};
			name = Release;
		};
		F645895E158A3D4D00BC79B8 /* Debug */ = {
			isa = XCBuildConfiguration;
			buildSettings = {
				GCC_PRECOMPILE_PREFIX_HEADER = YES;
				GCC_PREFIX_HEADER = "MyIOS/MyIOS-Prefix.pch";
				INFOPLIST_FILE = "MyIOS/MyIOS-Info.plist";
				PRODUCT_NAME = "$(TARGET_NAME)";
				TARGETED_DEVICE_FAMILY = 1;
				WRAPPER_EXTENSION = app;
			};
			name = Debug;
		};
		F645895F158A3D4D00BC79B8 /* Release */ = {
			isa = XCBuildConfiguration;
			buildSettings = {
				GCC_PRECOMPILE_PREFIX_HEADER = YES;
				GCC_PREFIX_HEADER = "MyIOS/MyIOS-Prefix.pch";
				INFOPLIST_FILE = "MyIOS/MyIOS-Info.plist";
				PRODUCT_NAME = "$(TARGET_NAME)";
				TARGETED_DEVICE_FAMILY = 1;
				WRAPPER_EXTENSION = app;
			};
			name = Release;
		};
/* End XCBuildConfiguration section */

/* Begin XCConfigurationList section */
		F6458936158A3D4D00BC79B8 /* Build configuration list for PBXProject "MyIOS" */ = {
			isa = XCConfigurationList;
			buildConfigurations = (
				F645895B158A3D4D00BC79B8 /* Debug */,
				F645895C158A3D4D00BC79B8 /* Release */,
			);
			defaultConfigurationIsVisible = 0;
			defaultConfigurationName = Release;
		};
		F645895D158A3D4D00BC79B8 /* Build configuration list for PBXNativeTarget "MyIOS" */ = {
			isa = XCConfigurationList;
			buildConfigurations = (
				F645895E158A3D4D00BC79B8 /* Debug */,
				F645895F158A3D4D00BC79B8 /* Release */,
			);
			defaultConfigurationIsVisible = 0;
			defaultConfigurationName = Release;
		};
/* End XCConfigurationList section */
	};
	rootObject = F6458933158A3D4D00BC79B8 /* Project object */;
}
